// !$*UTF8*$!
{
	archiveVersion = 1;
	classes = {
	};
	objectVersion = 46;
	objects = {

/* Begin PBXBuildFile section */
		15056BDC1CB57EC60058765D /* UnlabelAPIHelper.swift in Sources */ = {isa = PBXBuildFile; fileRef = 15056BDB1CB57EC60058765D /* UnlabelAPIHelper.swift */; };
		15056BDE1CB584A20058765D /* UnlabelWSConstants.swift in Sources */ = {isa = PBXBuildFile; fileRef = 15056BDD1CB584A20058765D /* UnlabelWSConstants.swift */; };
		15056BE01CB58AAC0058765D /* Checklist.txt in Resources */ = {isa = PBXBuildFile; fileRef = 15056BDF1CB58AAC0058765D /* Checklist.txt */; };
		15056BE21CB5A3CD0058765D /* ReachabilitySwift.swift in Sources */ = {isa = PBXBuildFile; fileRef = 15056BE11CB5A3CD0058765D /* ReachabilitySwift.swift */; };
		15056BE51CB5A5C10058765D /* Reachability.m in Sources */ = {isa = PBXBuildFile; fileRef = 15056BE41CB5A5C10058765D /* Reachability.m */; };
		150AE9431CA1CF7D00131A0A /* SettingsVC.swift in Sources */ = {isa = PBXBuildFile; fileRef = 150AE9421CA1CF7D00131A0A /* SettingsVC.swift */; };
		153FF7DB1CBC2838002CE247 /* FirebaseHelper.swift in Sources */ = {isa = PBXBuildFile; fileRef = 153FF7DA1CBC2838002CE247 /* FirebaseHelper.swift */; };
		154241D21CAAFB9D00EC59A7 /* NotFoundView.swift in Sources */ = {isa = PBXBuildFile; fileRef = 154241D11CAAFB9D00EC59A7 /* NotFoundView.swift */; };
		154241D41CAAFBA800EC59A7 /* NotFoundView.xib in Resources */ = {isa = PBXBuildFile; fileRef = 154241D31CAAFBA800EC59A7 /* NotFoundView.xib */; };
		15452D9F1C5AA950006D17DF /* LocationNameCell.swift in Sources */ = {isa = PBXBuildFile; fileRef = 15452D9E1C5AA950006D17DF /* LocationNameCell.swift */; };
		154687761C57B9AF0060565B /* UnlabelHelper.swift in Sources */ = {isa = PBXBuildFile; fileRef = 154687751C57B9AF0060565B /* UnlabelHelper.swift */; };
		154687771C57B9EA0060565B /* UnlabelHelper.swift in Sources */ = {isa = PBXBuildFile; fileRef = 154687751C57B9AF0060565B /* UnlabelHelper.swift */; };
		154687791C5814D70060565B /* UnlabelExtensions.swift in Sources */ = {isa = PBXBuildFile; fileRef = 154687781C5814D60060565B /* UnlabelExtensions.swift */; };
		1546877A1C5814D70060565B /* UnlabelExtensions.swift in Sources */ = {isa = PBXBuildFile; fileRef = 154687781C5814D60060565B /* UnlabelExtensions.swift */; };
		156BB18D1CC1810500E672AF /* LoginSignupVC.swift in Sources */ = {isa = PBXBuildFile; fileRef = 156BB18C1CC1810500E672AF /* LoginSignupVC.swift */; };
		15770C5C1C8F64F400B55BDD /* UnlabelFBHelper.swift in Sources */ = {isa = PBXBuildFile; fileRef = 15770C5B1C8F64F400B55BDD /* UnlabelFBHelper.swift */; };
		1578949F1CA85AC000E4C1A6 /* ProductDetailVC.swift in Sources */ = {isa = PBXBuildFile; fileRef = 1578949E1CA85AC000E4C1A6 /* ProductDetailVC.swift */; };
		157CC62A1CBC0CEE0010F64D /* GoogleService-Info.plist in Resources */ = {isa = PBXBuildFile; fileRef = 157CC6291CBC0CED0010F64D /* GoogleService-Info.plist */; };
		157DEF1A1C667F2B0085B1E8 /* UnlabelAsyncLoader.swift in Sources */ = {isa = PBXBuildFile; fileRef = 157DEF191C667F2B0085B1E8 /* UnlabelAsyncLoader.swift */; };
		157DEF1B1C667F2B0085B1E8 /* UnlabelAsyncLoader.swift in Sources */ = {isa = PBXBuildFile; fileRef = 157DEF191C667F2B0085B1E8 /* UnlabelAsyncLoader.swift */; };
		15897E8B1C5935C200FD0700 /* FilterVC.swift in Sources */ = {isa = PBXBuildFile; fileRef = 15897E8A1C5935C200FD0700 /* FilterVC.swift */; };
		15897E8F1C593E0F00FD0700 /* CategoryLocationCell.swift in Sources */ = {isa = PBXBuildFile; fileRef = 15897E8D1C593E0F00FD0700 /* CategoryLocationCell.swift */; };
		15897E901C593E0F00FD0700 /* CategoryLocationCell.xib in Resources */ = {isa = PBXBuildFile; fileRef = 15897E8E1C593E0F00FD0700 /* CategoryLocationCell.xib */; };
		15897E931C59488800FD0700 /* GenderCell.swift in Sources */ = {isa = PBXBuildFile; fileRef = 15897E911C59488800FD0700 /* GenderCell.swift */; };
		15897E941C59488800FD0700 /* GenderCell.xib in Resources */ = {isa = PBXBuildFile; fileRef = 15897E921C59488800FD0700 /* GenderCell.xib */; };
		15897E971C5948B200FD0700 /* CategoryStyleCell.swift in Sources */ = {isa = PBXBuildFile; fileRef = 15897E951C5948B200FD0700 /* CategoryStyleCell.swift */; };
		15897E981C5948B200FD0700 /* CategoryStyleCell.xib in Resources */ = {isa = PBXBuildFile; fileRef = 15897E961C5948B200FD0700 /* CategoryStyleCell.xib */; };
		158CC2CC1C578CB800536B73 /* AddBrandVC.swift in Sources */ = {isa = PBXBuildFile; fileRef = 158CC2CB1C578CB800536B73 /* AddBrandVC.swift */; };
		158F3E111C70988D00A3D0D6 /* LaunchLoadingVC.swift in Sources */ = {isa = PBXBuildFile; fileRef = 158F3E101C70988D00A3D0D6 /* LaunchLoadingVC.swift */; };
		158F3E141C71076A00A3D0D6 /* UnlabelSafariVC.swift in Sources */ = {isa = PBXBuildFile; fileRef = 158F3E131C71076A00A3D0D6 /* UnlabelSafariVC.swift */; };
		159245231C5539C500755814 /* Brand.swift in Sources */ = {isa = PBXBuildFile; fileRef = 159245221C5539C500755814 /* Brand.swift */; };
		159245271C553B6800755814 /* FeedVCCell.swift in Sources */ = {isa = PBXBuildFile; fileRef = 159245251C553B6800755814 /* FeedVCCell.swift */; };
		159245281C553B6800755814 /* FeedVCCell.xib in Resources */ = {isa = PBXBuildFile; fileRef = 159245261C553B6800755814 /* FeedVCCell.xib */; };
		1592452B1C5557D900755814 /* LeftMenuVC.swift in Sources */ = {isa = PBXBuildFile; fileRef = 1592452A1C5557D900755814 /* LeftMenuVC.swift */; };
		15AC8D781CA87058000B2BF3 /* FollowingVC.swift in Sources */ = {isa = PBXBuildFile; fileRef = 15AC8D771CA87058000B2BF3 /* FollowingVC.swift */; };
		15AD182F1C62669200A3F513 /* UIKit.framework in Frameworks */ = {isa = PBXBuildFile; fileRef = 15AD182E1C62669200A3F513 /* UIKit.framework */; };
		15AD18301C6266BA00A3F513 /* UIKit.framework in Frameworks */ = {isa = PBXBuildFile; fileRef = 15AD182E1C62669200A3F513 /* UIKit.framework */; };
		15B7E7A81C54A2D100244AC9 /* FeedVC.swift in Sources */ = {isa = PBXBuildFile; fileRef = 15B7E7991C54A2D100244AC9 /* FeedVC.swift */; };
		15B7E7A91C54A2D100244AC9 /* Unlabel.xcdatamodeld in Sources */ = {isa = PBXBuildFile; fileRef = 15B7E79D1C54A2D100244AC9 /* Unlabel.xcdatamodeld */; };
		15B7E7AA1C54A2D100244AC9 /* Assets.xcassets in Resources */ = {isa = PBXBuildFile; fileRef = 15B7E7A11C54A2D100244AC9 /* Assets.xcassets */; };
		15B7E7AB1C54A2D100244AC9 /* LaunchScreen.storyboard in Resources */ = {isa = PBXBuildFile; fileRef = 15B7E7A41C54A2D100244AC9 /* LaunchScreen.storyboard */; };
		15B7E7AC1C54A2D100244AC9 /* Unlabel.storyboard in Resources */ = {isa = PBXBuildFile; fileRef = 15B7E7A61C54A2D100244AC9 /* Unlabel.storyboard */; };
		15B7E7AF1C54A59300244AC9 /* UnlabelConstants.swift in Sources */ = {isa = PBXBuildFile; fileRef = 15B7E7AE1C54A59300244AC9 /* UnlabelConstants.swift */; };
		15B7E7B11C54A9D500244AC9 /* AudioToolbox.framework in Frameworks */ = {isa = PBXBuildFile; fileRef = 15B7E7B01C54A9D500244AC9 /* AudioToolbox.framework */; };
		15B7E7B31C54A9DC00244AC9 /* CFNetwork.framework in Frameworks */ = {isa = PBXBuildFile; fileRef = 15B7E7B21C54A9DC00244AC9 /* CFNetwork.framework */; };
		15B7E7B51C54A9E600244AC9 /* CoreGraphics.framework in Frameworks */ = {isa = PBXBuildFile; fileRef = 15B7E7B41C54A9E600244AC9 /* CoreGraphics.framework */; };
		15B7E7B71C54A9EC00244AC9 /* CoreLocation.framework in Frameworks */ = {isa = PBXBuildFile; fileRef = 15B7E7B61C54A9EC00244AC9 /* CoreLocation.framework */; };
		15B7E7B91C54A9F300244AC9 /* QuartzCore.framework in Frameworks */ = {isa = PBXBuildFile; fileRef = 15B7E7B81C54A9F300244AC9 /* QuartzCore.framework */; };
		15B7E7BB1C54A9FD00244AC9 /* Security.framework in Frameworks */ = {isa = PBXBuildFile; fileRef = 15B7E7BA1C54A9FD00244AC9 /* Security.framework */; };
		15B7E7BD1C54AA0300244AC9 /* StoreKit.framework in Frameworks */ = {isa = PBXBuildFile; fileRef = 15B7E7BC1C54AA0300244AC9 /* StoreKit.framework */; };
		15B7E7BF1C54AA0B00244AC9 /* SystemConfiguration.framework in Frameworks */ = {isa = PBXBuildFile; fileRef = 15B7E7BE1C54AA0B00244AC9 /* SystemConfiguration.framework */; };
		15B7E7C11C54AA1A00244AC9 /* libz.tbd in Frameworks */ = {isa = PBXBuildFile; fileRef = 15B7E7C01C54AA1A00244AC9 /* libz.tbd */; };
		15B7E7C31C54AA2600244AC9 /* libsqlite3.tbd in Frameworks */ = {isa = PBXBuildFile; fileRef = 15B7E7C21C54AA2600244AC9 /* libsqlite3.tbd */; };
		15B7E7C81C55201200244AC9 /* Neutraface2Text-Bold.otf in Resources */ = {isa = PBXBuildFile; fileRef = 15B7E7C41C55201200244AC9 /* Neutraface2Text-Bold.otf */; };
		15B7E7C91C55201200244AC9 /* Neutraface2Text-Book.otf in Resources */ = {isa = PBXBuildFile; fileRef = 15B7E7C51C55201200244AC9 /* Neutraface2Text-Book.otf */; };
		15B7E7CA1C55201200244AC9 /* Neutraface2Text-Demi.otf in Resources */ = {isa = PBXBuildFile; fileRef = 15B7E7C61C55201200244AC9 /* Neutraface2Text-Demi.otf */; };
		15B7E7CB1C55201200244AC9 /* Neutraface2Text-Light.otf in Resources */ = {isa = PBXBuildFile; fileRef = 15B7E7C71C55201200244AC9 /* Neutraface2Text-Light.otf */; };
		15B7E7CD1C5520B200244AC9 /* Neutra2Display-Bold.otf in Resources */ = {isa = PBXBuildFile; fileRef = 15B7E7CC1C5520B200244AC9 /* Neutra2Display-Bold.otf */; };
		15C83BD61CB6F289009933C4 /* ImageLoader.swift in Sources */ = {isa = PBXBuildFile; fileRef = 15C83BD51CB6F289009933C4 /* ImageLoader.swift */; };
		15C925291C73B93B00595A7B /* ProductFooterView.swift in Sources */ = {isa = PBXBuildFile; fileRef = 15C925281C73B93B00595A7B /* ProductFooterView.swift */; };
		15C9252B1C73B94500595A7B /* ProductFooterView.xib in Resources */ = {isa = PBXBuildFile; fileRef = 15C9252A1C73B94500595A7B /* ProductFooterView.xib */; };
		15C993651C56A156000C28E0 /* Unlabel.xcdatamodeld in Sources */ = {isa = PBXBuildFile; fileRef = 15B7E79D1C54A2D100244AC9 /* Unlabel.xcdatamodeld */; };
		15C993661C56A156000C28E0 /* UnlabelConstants.swift in Sources */ = {isa = PBXBuildFile; fileRef = 15B7E7AE1C54A59300244AC9 /* UnlabelConstants.swift */; };
		15C993671C56A156000C28E0 /* FeedVCCell.swift in Sources */ = {isa = PBXBuildFile; fileRef = 159245251C553B6800755814 /* FeedVCCell.swift */; };
		15C993681C56A156000C28E0 /* LeftMenuVC.swift in Sources */ = {isa = PBXBuildFile; fileRef = 1592452A1C5557D900755814 /* LeftMenuVC.swift */; };
		15C9936A1C56A156000C28E0 /* Brand.swift in Sources */ = {isa = PBXBuildFile; fileRef = 159245221C5539C500755814 /* Brand.swift */; };
		15C9936B1C56A156000C28E0 /* AppDelegate.swift in Sources */ = {isa = PBXBuildFile; fileRef = 400BDE0B1C1B890800487C6E /* AppDelegate.swift */; };
		15C9936D1C56A156000C28E0 /* libsqlite3.tbd in Frameworks */ = {isa = PBXBuildFile; fileRef = 15B7E7C21C54AA2600244AC9 /* libsqlite3.tbd */; };
		15C9936E1C56A156000C28E0 /* libz.tbd in Frameworks */ = {isa = PBXBuildFile; fileRef = 15B7E7C01C54AA1A00244AC9 /* libz.tbd */; };
		15C9936F1C56A156000C28E0 /* SystemConfiguration.framework in Frameworks */ = {isa = PBXBuildFile; fileRef = 15B7E7BE1C54AA0B00244AC9 /* SystemConfiguration.framework */; };
		15C993701C56A156000C28E0 /* StoreKit.framework in Frameworks */ = {isa = PBXBuildFile; fileRef = 15B7E7BC1C54AA0300244AC9 /* StoreKit.framework */; };
		15C993711C56A156000C28E0 /* Security.framework in Frameworks */ = {isa = PBXBuildFile; fileRef = 15B7E7BA1C54A9FD00244AC9 /* Security.framework */; };
		15C993721C56A156000C28E0 /* QuartzCore.framework in Frameworks */ = {isa = PBXBuildFile; fileRef = 15B7E7B81C54A9F300244AC9 /* QuartzCore.framework */; };
		15C993731C56A156000C28E0 /* CoreLocation.framework in Frameworks */ = {isa = PBXBuildFile; fileRef = 15B7E7B61C54A9EC00244AC9 /* CoreLocation.framework */; };
		15C993741C56A156000C28E0 /* CoreGraphics.framework in Frameworks */ = {isa = PBXBuildFile; fileRef = 15B7E7B41C54A9E600244AC9 /* CoreGraphics.framework */; };
		15C993751C56A156000C28E0 /* CFNetwork.framework in Frameworks */ = {isa = PBXBuildFile; fileRef = 15B7E7B21C54A9DC00244AC9 /* CFNetwork.framework */; };
		15C993761C56A156000C28E0 /* AudioToolbox.framework in Frameworks */ = {isa = PBXBuildFile; fileRef = 15B7E7B01C54A9D500244AC9 /* AudioToolbox.framework */; };
		15C993771C56A156000C28E0 /* Pods_Unlabel.framework in Frameworks */ = {isa = PBXBuildFile; fileRef = 536DADF39A10B2A125ABA038 /* Pods_Unlabel.framework */; };
		15C993791C56A156000C28E0 /* Neutraface2Text-Book.otf in Resources */ = {isa = PBXBuildFile; fileRef = 15B7E7C51C55201200244AC9 /* Neutraface2Text-Book.otf */; };
		15C9937A1C56A156000C28E0 /* LaunchScreen.storyboard in Resources */ = {isa = PBXBuildFile; fileRef = 15B7E7A41C54A2D100244AC9 /* LaunchScreen.storyboard */; };
		15C9937B1C56A156000C28E0 /* Neutraface2Text-Light.otf in Resources */ = {isa = PBXBuildFile; fileRef = 15B7E7C71C55201200244AC9 /* Neutraface2Text-Light.otf */; };
		15C9937C1C56A156000C28E0 /* Assets.xcassets in Resources */ = {isa = PBXBuildFile; fileRef = 15B7E7A11C54A2D100244AC9 /* Assets.xcassets */; };
		15C9937D1C56A156000C28E0 /* FeedVCCell.xib in Resources */ = {isa = PBXBuildFile; fileRef = 159245261C553B6800755814 /* FeedVCCell.xib */; };
		15C9937E1C56A156000C28E0 /* Podfile in Resources */ = {isa = PBXBuildFile; fileRef = 40714ED51C1DE5FE0063FF43 /* Podfile */; };
		15C9937F1C56A156000C28E0 /* Neutraface2Text-Bold.otf in Resources */ = {isa = PBXBuildFile; fileRef = 15B7E7C41C55201200244AC9 /* Neutraface2Text-Bold.otf */; };
		15C993801C56A156000C28E0 /* Unlabel.storyboard in Resources */ = {isa = PBXBuildFile; fileRef = 15B7E7A61C54A2D100244AC9 /* Unlabel.storyboard */; };
		15C993811C56A156000C28E0 /* Neutra2Display-Bold.otf in Resources */ = {isa = PBXBuildFile; fileRef = 15B7E7CC1C5520B200244AC9 /* Neutra2Display-Bold.otf */; };
		15C993821C56A156000C28E0 /* Neutraface2Text-Demi.otf in Resources */ = {isa = PBXBuildFile; fileRef = 15B7E7C61C55201200244AC9 /* Neutraface2Text-Demi.otf */; };
		15C9938C1C56A76D000C28E0 /* NavController.swift in Sources */ = {isa = PBXBuildFile; fileRef = 15C9938B1C56A76D000C28E0 /* NavController.swift */; };
		15C993A21C56A870000C28E0 /* AdminVC.swift in Sources */ = {isa = PBXBuildFile; fileRef = 15C993901C56A870000C28E0 /* AdminVC.swift */; };
		15C993A91C56A870000C28E0 /* Admin.storyboard in Resources */ = {isa = PBXBuildFile; fileRef = 15C9939E1C56A870000C28E0 /* Admin.storyboard */; };
		15C993AA1C56A870000C28E0 /* LaunchScreen.storyboard in Resources */ = {isa = PBXBuildFile; fileRef = 15C993A01C56A870000C28E0 /* LaunchScreen.storyboard */; };
		15C993AC1C56A899000C28E0 /* AdminNavController.swift in Sources */ = {isa = PBXBuildFile; fileRef = 15C993AB1C56A899000C28E0 /* AdminNavController.swift */; };
		15C993AF1C56BA68000C28E0 /* ParseConstants.swift in Sources */ = {isa = PBXBuildFile; fileRef = 15C993AD1C56BA65000C28E0 /* ParseConstants.swift */; };
		15CBF35D1C84DD23005F59E4 /* Filter.swift in Sources */ = {isa = PBXBuildFile; fileRef = 15CBF35C1C84DD23005F59E4 /* Filter.swift */; };
		15E2320A1CB2F192001220EA /* ViewFollowingLabelPopup.swift in Sources */ = {isa = PBXBuildFile; fileRef = 15E232091CB2F192001220EA /* ViewFollowingLabelPopup.swift */; };
		15E2320C1CB2F19A001220EA /* ViewFollowingLabelPopup.xib in Resources */ = {isa = PBXBuildFile; fileRef = 15E2320B1CB2F19A001220EA /* ViewFollowingLabelPopup.xib */; };
		15E30D9A1C6D2D14008B77E1 /* Product.swift in Sources */ = {isa = PBXBuildFile; fileRef = 15E30D991C6D2D14008B77E1 /* Product.swift */; };
		15E30D9B1C6D2D14008B77E1 /* Product.swift in Sources */ = {isa = PBXBuildFile; fileRef = 15E30D991C6D2D14008B77E1 /* Product.swift */; };
		15E472791C9B2DB500D56608 /* LegalStuffPrivacyPolicyVC.swift in Sources */ = {isa = PBXBuildFile; fileRef = 15E472781C9B2DB500D56608 /* LegalStuffPrivacyPolicyVC.swift */; };
		15E704F91CBAF35100DB9069 /* GAHelper.swift in Sources */ = {isa = PBXBuildFile; fileRef = 15E704F81CBAF35100DB9069 /* GAHelper.swift */; };
		15EF18041CA481810028BA8B /* AccountInfoVC.swift in Sources */ = {isa = PBXBuildFile; fileRef = 15EF18031CA481810028BA8B /* AccountInfoVC.swift */; };
		15F0E26E1C723A8A00A7E389 /* ProductCell.swift in Sources */ = {isa = PBXBuildFile; fileRef = 15F0E26A1C723A8A00A7E389 /* ProductCell.swift */; };
		15F0E26F1C723A8A00A7E389 /* ProductCell.xib in Resources */ = {isa = PBXBuildFile; fileRef = 15F0E26B1C723A8A00A7E389 /* ProductCell.xib */; };
		15F0E2701C723A8A00A7E389 /* ProductHeaderCell.swift in Sources */ = {isa = PBXBuildFile; fileRef = 15F0E26C1C723A8A00A7E389 /* ProductHeaderCell.swift */; };
		15F0E2711C723A8A00A7E389 /* ProductHeaderCell.xib in Resources */ = {isa = PBXBuildFile; fileRef = 15F0E26D1C723A8A00A7E389 /* ProductHeaderCell.xib */; };
		15F0E2741C723BB100A7E389 /* ProductVC.swift in Sources */ = {isa = PBXBuildFile; fileRef = 15F0E2731C723BB100A7E389 /* ProductVC.swift */; };
		15F0E2771C72418500A7E389 /* ProductListVC.swift in Sources */ = {isa = PBXBuildFile; fileRef = 15F0E2761C72418500A7E389 /* ProductListVC.swift */; };
		15F0E27A1C72433800A7E389 /* AddProductVC.swift in Sources */ = {isa = PBXBuildFile; fileRef = 15F0E2791C72433800A7E389 /* AddProductVC.swift */; };
		15F5A31C1C8A240200FDE610 /* EntryVC.swift in Sources */ = {isa = PBXBuildFile; fileRef = 15F5A31B1C8A240200FDE610 /* EntryVC.swift */; };
		15F5A3201C8A2B6C00FDE610 /* LoginVC.swift in Sources */ = {isa = PBXBuildFile; fileRef = 15F5A31F1C8A2B6C00FDE610 /* LoginVC.swift */; };
		15F5A3221C8A2B7900FDE610 /* SignupVC.swift in Sources */ = {isa = PBXBuildFile; fileRef = 15F5A3211C8A2B7900FDE610 /* SignupVC.swift */; };
		15FB1D941CC25E4D007E408F /* AccountKit.framework in Frameworks */ = {isa = PBXBuildFile; fileRef = 15FB1D921CC25E4D007E408F /* AccountKit.framework */; };
		15FB1D951CC25E4D007E408F /* AccountKitStrings.bundle in Resources */ = {isa = PBXBuildFile; fileRef = 15FB1D931CC25E4D007E408F /* AccountKitStrings.bundle */; };
		15FF26BE1CA97C1A004A59EC /* AboutUsVC.swift in Sources */ = {isa = PBXBuildFile; fileRef = 15FF26BD1CA97C1A004A59EC /* AboutUsVC.swift */; };
		400BDE0C1C1B890800487C6E /* AppDelegate.swift in Sources */ = {isa = PBXBuildFile; fileRef = 400BDE0B1C1B890800487C6E /* AppDelegate.swift */; };
		400BDE241C1B890800487C6E /* UnlabelTests.swift in Sources */ = {isa = PBXBuildFile; fileRef = 400BDE231C1B890800487C6E /* UnlabelTests.swift */; };
		400BDE2F1C1B890800487C6E /* UnlabelUITests.swift in Sources */ = {isa = PBXBuildFile; fileRef = 400BDE2E1C1B890800487C6E /* UnlabelUITests.swift */; };
		40714ED61C1DE5FE0063FF43 /* Podfile in Resources */ = {isa = PBXBuildFile; fileRef = 40714ED51C1DE5FE0063FF43 /* Podfile */; };
		C2561AAE06FA0796D165A7CC /* Pods_Unlabel.framework in Frameworks */ = {isa = PBXBuildFile; fileRef = 536DADF39A10B2A125ABA038 /* Pods_Unlabel.framework */; };
/* End PBXBuildFile section */

/* Begin PBXContainerItemProxy section */
		400BDE201C1B890800487C6E /* PBXContainerItemProxy */ = {
			isa = PBXContainerItemProxy;
			containerPortal = 400BDE001C1B890800487C6E /* Project object */;
			proxyType = 1;
			remoteGlobalIDString = 400BDE071C1B890800487C6E;
			remoteInfo = Unlabel;
		};
		400BDE2B1C1B890800487C6E /* PBXContainerItemProxy */ = {
			isa = PBXContainerItemProxy;
			containerPortal = 400BDE001C1B890800487C6E /* Project object */;
			proxyType = 1;
			remoteGlobalIDString = 400BDE071C1B890800487C6E;
			remoteInfo = Unlabel;
		};
/* End PBXContainerItemProxy section */

/* Begin PBXCopyFilesBuildPhase section */
		1509D6B11CBA73C3004AF26F /* Embed Frameworks */ = {
			isa = PBXCopyFilesBuildPhase;
			buildActionMask = 2147483647;
			dstPath = "";
			dstSubfolderSpec = 10;
			files = (
			);
			name = "Embed Frameworks";
			runOnlyForDeploymentPostprocessing = 0;
		};
/* End PBXCopyFilesBuildPhase section */

/* Begin PBXFileReference section */
		15056BDB1CB57EC60058765D /* UnlabelAPIHelper.swift */ = {isa = PBXFileReference; fileEncoding = 4; lastKnownFileType = sourcecode.swift; path = UnlabelAPIHelper.swift; sourceTree = "<group>"; };
		15056BDD1CB584A20058765D /* UnlabelWSConstants.swift */ = {isa = PBXFileReference; fileEncoding = 4; lastKnownFileType = sourcecode.swift; path = UnlabelWSConstants.swift; sourceTree = "<group>"; };
		15056BDF1CB58AAC0058765D /* Checklist.txt */ = {isa = PBXFileReference; fileEncoding = 4; lastKnownFileType = text; path = Checklist.txt; sourceTree = "<group>"; };
		15056BE11CB5A3CD0058765D /* ReachabilitySwift.swift */ = {isa = PBXFileReference; fileEncoding = 4; lastKnownFileType = sourcecode.swift; path = ReachabilitySwift.swift; sourceTree = "<group>"; };
		15056BE31CB5A5C10058765D /* Reachability.h */ = {isa = PBXFileReference; fileEncoding = 4; lastKnownFileType = sourcecode.c.h; path = Reachability.h; sourceTree = "<group>"; };
		15056BE41CB5A5C10058765D /* Reachability.m */ = {isa = PBXFileReference; fileEncoding = 4; lastKnownFileType = sourcecode.c.objc; path = Reachability.m; sourceTree = "<group>"; };
		150AE9421CA1CF7D00131A0A /* SettingsVC.swift */ = {isa = PBXFileReference; fileEncoding = 4; lastKnownFileType = sourcecode.swift; path = SettingsVC.swift; sourceTree = "<group>"; };
		153FF7DA1CBC2838002CE247 /* FirebaseHelper.swift */ = {isa = PBXFileReference; fileEncoding = 4; lastKnownFileType = sourcecode.swift; path = FirebaseHelper.swift; sourceTree = "<group>"; };
		154241D11CAAFB9D00EC59A7 /* NotFoundView.swift */ = {isa = PBXFileReference; fileEncoding = 4; lastKnownFileType = sourcecode.swift; path = NotFoundView.swift; sourceTree = "<group>"; };
		154241D31CAAFBA800EC59A7 /* NotFoundView.xib */ = {isa = PBXFileReference; fileEncoding = 4; lastKnownFileType = file.xib; path = NotFoundView.xib; sourceTree = "<group>"; };
		15452D9E1C5AA950006D17DF /* LocationNameCell.swift */ = {isa = PBXFileReference; fileEncoding = 4; lastKnownFileType = sourcecode.swift; path = LocationNameCell.swift; sourceTree = "<group>"; };
		154687751C57B9AF0060565B /* UnlabelHelper.swift */ = {isa = PBXFileReference; fileEncoding = 4; lastKnownFileType = sourcecode.swift; path = UnlabelHelper.swift; sourceTree = "<group>"; };
		154687781C5814D60060565B /* UnlabelExtensions.swift */ = {isa = PBXFileReference; fileEncoding = 4; lastKnownFileType = sourcecode.swift; path = UnlabelExtensions.swift; sourceTree = "<group>"; };
		156BB18C1CC1810500E672AF /* LoginSignupVC.swift */ = {isa = PBXFileReference; fileEncoding = 4; lastKnownFileType = sourcecode.swift; path = LoginSignupVC.swift; sourceTree = "<group>"; };
		15770C5B1C8F64F400B55BDD /* UnlabelFBHelper.swift */ = {isa = PBXFileReference; fileEncoding = 4; lastKnownFileType = sourcecode.swift; path = UnlabelFBHelper.swift; sourceTree = "<group>"; };
		1578949E1CA85AC000E4C1A6 /* ProductDetailVC.swift */ = {isa = PBXFileReference; fileEncoding = 4; lastKnownFileType = sourcecode.swift; path = ProductDetailVC.swift; sourceTree = "<group>"; };
		157CC6291CBC0CED0010F64D /* GoogleService-Info.plist */ = {isa = PBXFileReference; fileEncoding = 4; lastKnownFileType = text.plist.xml; path = "GoogleService-Info.plist"; sourceTree = "<group>"; };
		157DEF191C667F2B0085B1E8 /* UnlabelAsyncLoader.swift */ = {isa = PBXFileReference; fileEncoding = 4; lastKnownFileType = sourcecode.swift; path = UnlabelAsyncLoader.swift; sourceTree = "<group>"; };
		15897E8A1C5935C200FD0700 /* FilterVC.swift */ = {isa = PBXFileReference; fileEncoding = 4; lastKnownFileType = sourcecode.swift; path = FilterVC.swift; sourceTree = "<group>"; };
		15897E8D1C593E0F00FD0700 /* CategoryLocationCell.swift */ = {isa = PBXFileReference; fileEncoding = 4; lastKnownFileType = sourcecode.swift; path = CategoryLocationCell.swift; sourceTree = "<group>"; };
		15897E8E1C593E0F00FD0700 /* CategoryLocationCell.xib */ = {isa = PBXFileReference; fileEncoding = 4; lastKnownFileType = file.xib; path = CategoryLocationCell.xib; sourceTree = "<group>"; };
		15897E911C59488800FD0700 /* GenderCell.swift */ = {isa = PBXFileReference; fileEncoding = 4; lastKnownFileType = sourcecode.swift; path = GenderCell.swift; sourceTree = "<group>"; };
		15897E921C59488800FD0700 /* GenderCell.xib */ = {isa = PBXFileReference; fileEncoding = 4; lastKnownFileType = file.xib; path = GenderCell.xib; sourceTree = "<group>"; };
		15897E951C5948B200FD0700 /* CategoryStyleCell.swift */ = {isa = PBXFileReference; fileEncoding = 4; lastKnownFileType = sourcecode.swift; path = CategoryStyleCell.swift; sourceTree = "<group>"; };
		15897E961C5948B200FD0700 /* CategoryStyleCell.xib */ = {isa = PBXFileReference; fileEncoding = 4; lastKnownFileType = file.xib; path = CategoryStyleCell.xib; sourceTree = "<group>"; };
		158CC2CB1C578CB800536B73 /* AddBrandVC.swift */ = {isa = PBXFileReference; fileEncoding = 4; lastKnownFileType = sourcecode.swift; path = AddBrandVC.swift; sourceTree = "<group>"; };
		158F3E101C70988D00A3D0D6 /* LaunchLoadingVC.swift */ = {isa = PBXFileReference; fileEncoding = 4; lastKnownFileType = sourcecode.swift; path = LaunchLoadingVC.swift; sourceTree = "<group>"; };
		158F3E131C71076A00A3D0D6 /* UnlabelSafariVC.swift */ = {isa = PBXFileReference; fileEncoding = 4; lastKnownFileType = sourcecode.swift; path = UnlabelSafariVC.swift; sourceTree = "<group>"; };
		159245221C5539C500755814 /* Brand.swift */ = {isa = PBXFileReference; fileEncoding = 4; lastKnownFileType = sourcecode.swift; path = Brand.swift; sourceTree = "<group>"; };
		159245251C553B6800755814 /* FeedVCCell.swift */ = {isa = PBXFileReference; fileEncoding = 4; lastKnownFileType = sourcecode.swift; path = FeedVCCell.swift; sourceTree = "<group>"; };
		159245261C553B6800755814 /* FeedVCCell.xib */ = {isa = PBXFileReference; fileEncoding = 4; lastKnownFileType = file.xib; path = FeedVCCell.xib; sourceTree = "<group>"; };
		1592452A1C5557D900755814 /* LeftMenuVC.swift */ = {isa = PBXFileReference; fileEncoding = 4; lastKnownFileType = sourcecode.swift; path = LeftMenuVC.swift; sourceTree = "<group>"; };
		15AC8D771CA87058000B2BF3 /* FollowingVC.swift */ = {isa = PBXFileReference; fileEncoding = 4; lastKnownFileType = sourcecode.swift; path = FollowingVC.swift; sourceTree = "<group>"; };
		15AD182E1C62669200A3F513 /* UIKit.framework */ = {isa = PBXFileReference; lastKnownFileType = wrapper.framework; name = UIKit.framework; path = System/Library/Frameworks/UIKit.framework; sourceTree = SDKROOT; };
		15B7E7991C54A2D100244AC9 /* FeedVC.swift */ = {isa = PBXFileReference; fileEncoding = 4; lastKnownFileType = sourcecode.swift; path = FeedVC.swift; sourceTree = "<group>"; };
		15B7E79E1C54A2D100244AC9 /* Unlabel.xcdatamodel */ = {isa = PBXFileReference; lastKnownFileType = wrapper.xcdatamodel; path = Unlabel.xcdatamodel; sourceTree = "<group>"; };
		15B7E7A11C54A2D100244AC9 /* Assets.xcassets */ = {isa = PBXFileReference; lastKnownFileType = folder.assetcatalog; path = Assets.xcassets; sourceTree = "<group>"; };
		15B7E7A51C54A2D100244AC9 /* Base */ = {isa = PBXFileReference; lastKnownFileType = file.storyboard; name = Base; path = Base.lproj/LaunchScreen.storyboard; sourceTree = "<group>"; };
		15B7E7A71C54A2D100244AC9 /* Base */ = {isa = PBXFileReference; lastKnownFileType = file.storyboard; name = Base; path = Base.lproj/Unlabel.storyboard; sourceTree = "<group>"; };
		15B7E7AE1C54A59300244AC9 /* UnlabelConstants.swift */ = {isa = PBXFileReference; fileEncoding = 4; lastKnownFileType = sourcecode.swift; path = UnlabelConstants.swift; sourceTree = "<group>"; };
		15B7E7B01C54A9D500244AC9 /* AudioToolbox.framework */ = {isa = PBXFileReference; lastKnownFileType = wrapper.framework; name = AudioToolbox.framework; path = System/Library/Frameworks/AudioToolbox.framework; sourceTree = SDKROOT; };
		15B7E7B21C54A9DC00244AC9 /* CFNetwork.framework */ = {isa = PBXFileReference; lastKnownFileType = wrapper.framework; name = CFNetwork.framework; path = System/Library/Frameworks/CFNetwork.framework; sourceTree = SDKROOT; };
		15B7E7B41C54A9E600244AC9 /* CoreGraphics.framework */ = {isa = PBXFileReference; lastKnownFileType = wrapper.framework; name = CoreGraphics.framework; path = System/Library/Frameworks/CoreGraphics.framework; sourceTree = SDKROOT; };
		15B7E7B61C54A9EC00244AC9 /* CoreLocation.framework */ = {isa = PBXFileReference; lastKnownFileType = wrapper.framework; name = CoreLocation.framework; path = System/Library/Frameworks/CoreLocation.framework; sourceTree = SDKROOT; };
		15B7E7B81C54A9F300244AC9 /* QuartzCore.framework */ = {isa = PBXFileReference; lastKnownFileType = wrapper.framework; name = QuartzCore.framework; path = System/Library/Frameworks/QuartzCore.framework; sourceTree = SDKROOT; };
		15B7E7BA1C54A9FD00244AC9 /* Security.framework */ = {isa = PBXFileReference; lastKnownFileType = wrapper.framework; name = Security.framework; path = System/Library/Frameworks/Security.framework; sourceTree = SDKROOT; };
		15B7E7BC1C54AA0300244AC9 /* StoreKit.framework */ = {isa = PBXFileReference; lastKnownFileType = wrapper.framework; name = StoreKit.framework; path = System/Library/Frameworks/StoreKit.framework; sourceTree = SDKROOT; };
		15B7E7BE1C54AA0B00244AC9 /* SystemConfiguration.framework */ = {isa = PBXFileReference; lastKnownFileType = wrapper.framework; name = SystemConfiguration.framework; path = System/Library/Frameworks/SystemConfiguration.framework; sourceTree = SDKROOT; };
		15B7E7C01C54AA1A00244AC9 /* libz.tbd */ = {isa = PBXFileReference; lastKnownFileType = "sourcecode.text-based-dylib-definition"; name = libz.tbd; path = usr/lib/libz.tbd; sourceTree = SDKROOT; };
		15B7E7C21C54AA2600244AC9 /* libsqlite3.tbd */ = {isa = PBXFileReference; lastKnownFileType = "sourcecode.text-based-dylib-definition"; name = libsqlite3.tbd; path = usr/lib/libsqlite3.tbd; sourceTree = SDKROOT; };
		15B7E7C41C55201200244AC9 /* Neutraface2Text-Bold.otf */ = {isa = PBXFileReference; lastKnownFileType = file; path = "Neutraface2Text-Bold.otf"; sourceTree = "<group>"; };
		15B7E7C51C55201200244AC9 /* Neutraface2Text-Book.otf */ = {isa = PBXFileReference; lastKnownFileType = file; path = "Neutraface2Text-Book.otf"; sourceTree = "<group>"; };
		15B7E7C61C55201200244AC9 /* Neutraface2Text-Demi.otf */ = {isa = PBXFileReference; lastKnownFileType = file; path = "Neutraface2Text-Demi.otf"; sourceTree = "<group>"; };
		15B7E7C71C55201200244AC9 /* Neutraface2Text-Light.otf */ = {isa = PBXFileReference; lastKnownFileType = file; path = "Neutraface2Text-Light.otf"; sourceTree = "<group>"; };
		15B7E7CC1C5520B200244AC9 /* Neutra2Display-Bold.otf */ = {isa = PBXFileReference; lastKnownFileType = file; path = "Neutra2Display-Bold.otf"; sourceTree = "<group>"; };
		15C83BD51CB6F289009933C4 /* ImageLoader.swift */ = {isa = PBXFileReference; fileEncoding = 4; lastKnownFileType = sourcecode.swift; path = ImageLoader.swift; sourceTree = "<group>"; };
		15C925281C73B93B00595A7B /* ProductFooterView.swift */ = {isa = PBXFileReference; fileEncoding = 4; lastKnownFileType = sourcecode.swift; path = ProductFooterView.swift; sourceTree = "<group>"; };
		15C9252A1C73B94500595A7B /* ProductFooterView.xib */ = {isa = PBXFileReference; fileEncoding = 4; lastKnownFileType = file.xib; path = ProductFooterView.xib; sourceTree = "<group>"; };
		15C993501C5693A6000C28E0 /* Info.plist */ = {isa = PBXFileReference; lastKnownFileType = text.plist.xml; path = Info.plist; sourceTree = "<group>"; };
		15C993541C569596000C28E0 /* LocalAuthentication.framework */ = {isa = PBXFileReference; lastKnownFileType = wrapper.framework; name = LocalAuthentication.framework; path = System/Library/Frameworks/LocalAuthentication.framework; sourceTree = SDKROOT; };
		15C993881C56A156000C28E0 /* Unlabel_Admin.app */ = {isa = PBXFileReference; explicitFileType = wrapper.application; includeInIndex = 0; path = Unlabel_Admin.app; sourceTree = BUILT_PRODUCTS_DIR; };
		15C9938B1C56A76D000C28E0 /* NavController.swift */ = {isa = PBXFileReference; fileEncoding = 4; lastKnownFileType = sourcecode.swift; path = NavController.swift; sourceTree = "<group>"; };
		15C993901C56A870000C28E0 /* AdminVC.swift */ = {isa = PBXFileReference; fileEncoding = 4; lastKnownFileType = sourcecode.swift; path = AdminVC.swift; sourceTree = "<group>"; };
		15C9939F1C56A870000C28E0 /* Base */ = {isa = PBXFileReference; lastKnownFileType = file.storyboard; name = Base; path = Base.lproj/Admin.storyboard; sourceTree = "<group>"; };
		15C993A11C56A870000C28E0 /* Base */ = {isa = PBXFileReference; lastKnownFileType = file.storyboard; name = Base; path = Base.lproj/LaunchScreen.storyboard; sourceTree = "<group>"; };
		15C993AB1C56A899000C28E0 /* AdminNavController.swift */ = {isa = PBXFileReference; fileEncoding = 4; lastKnownFileType = sourcecode.swift; path = AdminNavController.swift; sourceTree = "<group>"; };
		15C993AD1C56BA65000C28E0 /* ParseConstants.swift */ = {isa = PBXFileReference; fileEncoding = 4; lastKnownFileType = sourcecode.swift; path = ParseConstants.swift; sourceTree = "<group>"; };
		15CBF35C1C84DD23005F59E4 /* Filter.swift */ = {isa = PBXFileReference; fileEncoding = 4; lastKnownFileType = sourcecode.swift; path = Filter.swift; sourceTree = "<group>"; };
		15E232091CB2F192001220EA /* ViewFollowingLabelPopup.swift */ = {isa = PBXFileReference; fileEncoding = 4; lastKnownFileType = sourcecode.swift; path = ViewFollowingLabelPopup.swift; sourceTree = "<group>"; };
		15E2320B1CB2F19A001220EA /* ViewFollowingLabelPopup.xib */ = {isa = PBXFileReference; fileEncoding = 4; lastKnownFileType = file.xib; path = ViewFollowingLabelPopup.xib; sourceTree = "<group>"; };
		15E30D991C6D2D14008B77E1 /* Product.swift */ = {isa = PBXFileReference; fileEncoding = 4; lastKnownFileType = sourcecode.swift; path = Product.swift; sourceTree = "<group>"; };
		15E472781C9B2DB500D56608 /* LegalStuffPrivacyPolicyVC.swift */ = {isa = PBXFileReference; fileEncoding = 4; lastKnownFileType = sourcecode.swift; path = LegalStuffPrivacyPolicyVC.swift; sourceTree = "<group>"; };
		15E704F81CBAF35100DB9069 /* GAHelper.swift */ = {isa = PBXFileReference; fileEncoding = 4; lastKnownFileType = sourcecode.swift; path = GAHelper.swift; sourceTree = "<group>"; };
		15EF18031CA481810028BA8B /* AccountInfoVC.swift */ = {isa = PBXFileReference; fileEncoding = 4; lastKnownFileType = sourcecode.swift; path = AccountInfoVC.swift; sourceTree = "<group>"; };
		15F0E26A1C723A8A00A7E389 /* ProductCell.swift */ = {isa = PBXFileReference; fileEncoding = 4; lastKnownFileType = sourcecode.swift; path = ProductCell.swift; sourceTree = "<group>"; };
		15F0E26B1C723A8A00A7E389 /* ProductCell.xib */ = {isa = PBXFileReference; fileEncoding = 4; lastKnownFileType = file.xib; path = ProductCell.xib; sourceTree = "<group>"; };
		15F0E26C1C723A8A00A7E389 /* ProductHeaderCell.swift */ = {isa = PBXFileReference; fileEncoding = 4; lastKnownFileType = sourcecode.swift; path = ProductHeaderCell.swift; sourceTree = "<group>"; };
		15F0E26D1C723A8A00A7E389 /* ProductHeaderCell.xib */ = {isa = PBXFileReference; fileEncoding = 4; lastKnownFileType = file.xib; path = ProductHeaderCell.xib; sourceTree = "<group>"; };
		15F0E2731C723BB100A7E389 /* ProductVC.swift */ = {isa = PBXFileReference; fileEncoding = 4; lastKnownFileType = sourcecode.swift; path = ProductVC.swift; sourceTree = "<group>"; };
		15F0E2761C72418500A7E389 /* ProductListVC.swift */ = {isa = PBXFileReference; fileEncoding = 4; lastKnownFileType = sourcecode.swift; path = ProductListVC.swift; sourceTree = "<group>"; };
		15F0E2791C72433800A7E389 /* AddProductVC.swift */ = {isa = PBXFileReference; fileEncoding = 4; lastKnownFileType = sourcecode.swift; path = AddProductVC.swift; sourceTree = "<group>"; };
		15F5A31B1C8A240200FDE610 /* EntryVC.swift */ = {isa = PBXFileReference; fileEncoding = 4; lastKnownFileType = sourcecode.swift; path = EntryVC.swift; sourceTree = "<group>"; };
		15F5A31F1C8A2B6C00FDE610 /* LoginVC.swift */ = {isa = PBXFileReference; fileEncoding = 4; lastKnownFileType = sourcecode.swift; path = LoginVC.swift; sourceTree = "<group>"; };
		15F5A3211C8A2B7900FDE610 /* SignupVC.swift */ = {isa = PBXFileReference; fileEncoding = 4; lastKnownFileType = sourcecode.swift; path = SignupVC.swift; sourceTree = "<group>"; };
		15FB1D921CC25E4D007E408F /* AccountKit.framework */ = {isa = PBXFileReference; lastKnownFileType = wrapper.framework; path = AccountKit.framework; sourceTree = "<group>"; };
		15FB1D931CC25E4D007E408F /* AccountKitStrings.bundle */ = {isa = PBXFileReference; lastKnownFileType = "wrapper.plug-in"; path = AccountKitStrings.bundle; sourceTree = "<group>"; };
		15FF26BD1CA97C1A004A59EC /* AboutUsVC.swift */ = {isa = PBXFileReference; fileEncoding = 4; lastKnownFileType = sourcecode.swift; path = AboutUsVC.swift; sourceTree = "<group>"; };
		302B80CA4E73332095E61357 /* Pods-Unlabel.release.xcconfig */ = {isa = PBXFileReference; includeInIndex = 1; lastKnownFileType = text.xcconfig; name = "Pods-Unlabel.release.xcconfig"; path = "Pods/Target Support Files/Pods-Unlabel/Pods-Unlabel.release.xcconfig"; sourceTree = "<group>"; };
		400BDE081C1B890800487C6E /* Unlabel.app */ = {isa = PBXFileReference; explicitFileType = wrapper.application; includeInIndex = 0; path = Unlabel.app; sourceTree = BUILT_PRODUCTS_DIR; };
		400BDE0B1C1B890800487C6E /* AppDelegate.swift */ = {isa = PBXFileReference; lastKnownFileType = sourcecode.swift; path = AppDelegate.swift; sourceTree = "<group>"; };
		400BDE1A1C1B890800487C6E /* Info.plist */ = {isa = PBXFileReference; lastKnownFileType = text.plist.xml; path = Info.plist; sourceTree = "<group>"; };
		400BDE1F1C1B890800487C6E /* UnlabelTests.xctest */ = {isa = PBXFileReference; explicitFileType = wrapper.cfbundle; includeInIndex = 0; path = UnlabelTests.xctest; sourceTree = BUILT_PRODUCTS_DIR; };
		400BDE231C1B890800487C6E /* UnlabelTests.swift */ = {isa = PBXFileReference; lastKnownFileType = sourcecode.swift; path = UnlabelTests.swift; sourceTree = "<group>"; };
		400BDE251C1B890800487C6E /* Info.plist */ = {isa = PBXFileReference; lastKnownFileType = text.plist.xml; path = Info.plist; sourceTree = "<group>"; };
		400BDE2A1C1B890800487C6E /* UnlabelUITests.xctest */ = {isa = PBXFileReference; explicitFileType = wrapper.cfbundle; includeInIndex = 0; path = UnlabelUITests.xctest; sourceTree = BUILT_PRODUCTS_DIR; };
		400BDE2E1C1B890800487C6E /* UnlabelUITests.swift */ = {isa = PBXFileReference; lastKnownFileType = sourcecode.swift; path = UnlabelUITests.swift; sourceTree = "<group>"; };
		400BDE301C1B890800487C6E /* Info.plist */ = {isa = PBXFileReference; lastKnownFileType = text.plist.xml; path = Info.plist; sourceTree = "<group>"; };
		40714ED51C1DE5FE0063FF43 /* Podfile */ = {isa = PBXFileReference; fileEncoding = 4; lastKnownFileType = text; path = Podfile; sourceTree = "<group>"; xcLanguageSpecificationIdentifier = xcode.lang.ruby; };
		40714ED71C1DE7E60063FF43 /* Unlabel-Bridging-Header.h */ = {isa = PBXFileReference; lastKnownFileType = sourcecode.c.h; path = "Unlabel-Bridging-Header.h"; sourceTree = "<group>"; };
		536DADF39A10B2A125ABA038 /* Pods_Unlabel.framework */ = {isa = PBXFileReference; explicitFileType = wrapper.framework; includeInIndex = 0; path = Pods_Unlabel.framework; sourceTree = BUILT_PRODUCTS_DIR; };
		A04A3F897DED804FE664BCB0 /* Pods-Unlabel.debug.xcconfig */ = {isa = PBXFileReference; includeInIndex = 1; lastKnownFileType = text.xcconfig; name = "Pods-Unlabel.debug.xcconfig"; path = "Pods/Target Support Files/Pods-Unlabel/Pods-Unlabel.debug.xcconfig"; sourceTree = "<group>"; };
/* End PBXFileReference section */

/* Begin PBXFrameworksBuildPhase section */
		15C9936C1C56A156000C28E0 /* Frameworks */ = {
			isa = PBXFrameworksBuildPhase;
			buildActionMask = 2147483647;
			files = (
				15AD182F1C62669200A3F513 /* UIKit.framework in Frameworks */,
				15C993711C56A156000C28E0 /* Security.framework in Frameworks */,
				15C993751C56A156000C28E0 /* CFNetwork.framework in Frameworks */,
				15C9936D1C56A156000C28E0 /* libsqlite3.tbd in Frameworks */,
				15C9936E1C56A156000C28E0 /* libz.tbd in Frameworks */,
				15C9936F1C56A156000C28E0 /* SystemConfiguration.framework in Frameworks */,
				15C993701C56A156000C28E0 /* StoreKit.framework in Frameworks */,
				15C993721C56A156000C28E0 /* QuartzCore.framework in Frameworks */,
				15C993731C56A156000C28E0 /* CoreLocation.framework in Frameworks */,
				15C993741C56A156000C28E0 /* CoreGraphics.framework in Frameworks */,
				15C993761C56A156000C28E0 /* AudioToolbox.framework in Frameworks */,
				15C993771C56A156000C28E0 /* Pods_Unlabel.framework in Frameworks */,
			);
			runOnlyForDeploymentPostprocessing = 0;
		};
		400BDE051C1B890800487C6E /* Frameworks */ = {
			isa = PBXFrameworksBuildPhase;
			buildActionMask = 2147483647;
			files = (
				15AD18301C6266BA00A3F513 /* UIKit.framework in Frameworks */,
				15B7E7C31C54AA2600244AC9 /* libsqlite3.tbd in Frameworks */,
				15B7E7C11C54AA1A00244AC9 /* libz.tbd in Frameworks */,
				15B7E7BF1C54AA0B00244AC9 /* SystemConfiguration.framework in Frameworks */,
				15B7E7BD1C54AA0300244AC9 /* StoreKit.framework in Frameworks */,
				15B7E7BB1C54A9FD00244AC9 /* Security.framework in Frameworks */,
				15B7E7B91C54A9F300244AC9 /* QuartzCore.framework in Frameworks */,
				15B7E7B71C54A9EC00244AC9 /* CoreLocation.framework in Frameworks */,
				15B7E7B51C54A9E600244AC9 /* CoreGraphics.framework in Frameworks */,
				15B7E7B31C54A9DC00244AC9 /* CFNetwork.framework in Frameworks */,
				15B7E7B11C54A9D500244AC9 /* AudioToolbox.framework in Frameworks */,
				C2561AAE06FA0796D165A7CC /* Pods_Unlabel.framework in Frameworks */,
				15FB1D941CC25E4D007E408F /* AccountKit.framework in Frameworks */,
			);
			runOnlyForDeploymentPostprocessing = 0;
		};
		400BDE1C1C1B890800487C6E /* Frameworks */ = {
			isa = PBXFrameworksBuildPhase;
			buildActionMask = 2147483647;
			files = (
			);
			runOnlyForDeploymentPostprocessing = 0;
		};
		400BDE271C1B890800487C6E /* Frameworks */ = {
			isa = PBXFrameworksBuildPhase;
			buildActionMask = 2147483647;
			files = (
			);
			runOnlyForDeploymentPostprocessing = 0;
		};
/* End PBXFrameworksBuildPhase section */

/* Begin PBXGroup section */
		150AE9411CA1CF6C00131A0A /* SettingsVC */ = {
			isa = PBXGroup;
			children = (
				150AE9421CA1CF7D00131A0A /* SettingsVC.swift */,
			);
			path = SettingsVC;
			sourceTree = "<group>";
		};
		151325F11C99E9F500B9AA12 /* Additional_Images */ = {
			isa = PBXGroup;
			children = (
			);
			path = Additional_Images;
			sourceTree = "<group>";
		};
		154241D01CAAFB8400EC59A7 /* NotFoundView */ = {
			isa = PBXGroup;
			children = (
				154241D11CAAFB9D00EC59A7 /* NotFoundView.swift */,
				154241D31CAAFBA800EC59A7 /* NotFoundView.xib */,
			);
			path = NotFoundView;
			sourceTree = "<group>";
		};
		156BB18B1CC180F600E672AF /* LoginSignupVC */ = {
			isa = PBXGroup;
			children = (
				156BB18C1CC1810500E672AF /* LoginSignupVC.swift */,
			);
			path = LoginSignupVC;
			sourceTree = "<group>";
		};
		1578949D1CA85AA500E4C1A6 /* ProductDetailVC */ = {
			isa = PBXGroup;
			children = (
				1578949E1CA85AC000E4C1A6 /* ProductDetailVC.swift */,
			);
			path = ProductDetailVC;
			sourceTree = "<group>";
		};
		15897E891C5935A500FD0700 /* FilterVC */ = {
			isa = PBXGroup;
			children = (
				15897E8A1C5935C200FD0700 /* FilterVC.swift */,
			);
			path = FilterVC;
			sourceTree = "<group>";
		};
		15897E8C1C593DC700FD0700 /* FilterVC */ = {
			isa = PBXGroup;
			children = (
				15897E8D1C593E0F00FD0700 /* CategoryLocationCell.swift */,
				15897E8E1C593E0F00FD0700 /* CategoryLocationCell.xib */,
				15897E911C59488800FD0700 /* GenderCell.swift */,
				15897E921C59488800FD0700 /* GenderCell.xib */,
				15897E951C5948B200FD0700 /* CategoryStyleCell.swift */,
				15897E961C5948B200FD0700 /* CategoryStyleCell.xib */,
				15452D9E1C5AA950006D17DF /* LocationNameCell.swift */,
			);
			path = FilterVC;
			sourceTree = "<group>";
		};
		158CC2CA1C578C9C00536B73 /* AddBrandVC */ = {
			isa = PBXGroup;
			children = (
				158CC2CB1C578CB800536B73 /* AddBrandVC.swift */,
			);
			path = AddBrandVC;
			sourceTree = "<group>";
		};
		158F3E0F1C70987800A3D0D6 /* LaunchLoadingVC */ = {
			isa = PBXGroup;
			children = (
				158F3E101C70988D00A3D0D6 /* LaunchLoadingVC.swift */,
			);
			path = LaunchLoadingVC;
			sourceTree = "<group>";
		};
		158F3E121C71073F00A3D0D6 /* UnlabelSafariVC */ = {
			isa = PBXGroup;
			children = (
				158F3E131C71076A00A3D0D6 /* UnlabelSafariVC.swift */,
			);
			path = UnlabelSafariVC;
			sourceTree = "<group>";
		};
		159245241C553B4C00755814 /* FeedVC */ = {
			isa = PBXGroup;
			children = (
				159245251C553B6800755814 /* FeedVCCell.swift */,
				159245261C553B6800755814 /* FeedVCCell.xib */,
			);
			path = FeedVC;
			sourceTree = "<group>";
		};
		159245291C5557B700755814 /* LeftMenuVC */ = {
			isa = PBXGroup;
			children = (
				1592452A1C5557D900755814 /* LeftMenuVC.swift */,
			);
			path = LeftMenuVC;
			sourceTree = "<group>";
		};
		15AC8D761CA8703D000B2BF3 /* FollowingVC */ = {
			isa = PBXGroup;
			children = (
				15AC8D771CA87058000B2BF3 /* FollowingVC.swift */,
			);
			path = FollowingVC;
			sourceTree = "<group>";
		};
		15B7E7971C54A2D100244AC9 /* Controller */ = {
			isa = PBXGroup;
			children = (
				156BB18B1CC180F600E672AF /* LoginSignupVC */,
				15FF26BC1CA97C08004A59EC /* AboutUsVC */,
				15AC8D761CA8703D000B2BF3 /* FollowingVC */,
				1578949D1CA85AA500E4C1A6 /* ProductDetailVC */,
				15B7E7981C54A2D100244AC9 /* FeedVC */,
				15EF18021CA4816F0028BA8B /* AccountInfoVC */,
				150AE9411CA1CF6C00131A0A /* SettingsVC */,
				15E472771C9B2DA100D56608 /* LegalStuffPrivacyPolicyVC */,
				15F5A31D1C8A2B5C00FDE610 /* LoginVC */,
				15F5A31E1C8A2B5C00FDE610 /* SignupVC */,
				15F5A31A1C8A23EE00FDE610 /* EntryVC */,
				15F0E2721C723BB100A7E389 /* ProductVC */,
				158F3E121C71073F00A3D0D6 /* UnlabelSafariVC */,
				158F3E0F1C70987800A3D0D6 /* LaunchLoadingVC */,
				15897E891C5935A500FD0700 /* FilterVC */,
				159245291C5557B700755814 /* LeftMenuVC */,
				15C9938A1C56A74A000C28E0 /* NavController */,
			);
			path = Controller;
			sourceTree = "<group>";
		};
		15B7E7981C54A2D100244AC9 /* FeedVC */ = {
			isa = PBXGroup;
			children = (
				15B7E7991C54A2D100244AC9 /* FeedVC.swift */,
			);
			path = FeedVC;
			sourceTree = "<group>";
		};
		15B7E79A1C54A2D100244AC9 /* Model */ = {
			isa = PBXGroup;
			children = (
				159245221C5539C500755814 /* Brand.swift */,
				15E30D991C6D2D14008B77E1 /* Product.swift */,
				15CBF35C1C84DD23005F59E4 /* Filter.swift */,
			);
			path = Model;
			sourceTree = "<group>";
		};
		15B7E79B1C54A2D100244AC9 /* Resouces */ = {
			isa = PBXGroup;
			children = (
				15B7E7A01C54A2D100244AC9 /* Images */,
				15B7E79C1C54A2D100244AC9 /* DataModel */,
				15B7E79F1C54A2D100244AC9 /* Fonts */,
			);
			path = Resouces;
			sourceTree = "<group>";
		};
		15B7E79C1C54A2D100244AC9 /* DataModel */ = {
			isa = PBXGroup;
			children = (
				15B7E79D1C54A2D100244AC9 /* Unlabel.xcdatamodeld */,
			);
			path = DataModel;
			sourceTree = "<group>";
		};
		15B7E79F1C54A2D100244AC9 /* Fonts */ = {
			isa = PBXGroup;
			children = (
				15B7E7C41C55201200244AC9 /* Neutraface2Text-Bold.otf */,
				15B7E7C51C55201200244AC9 /* Neutraface2Text-Book.otf */,
				15B7E7C61C55201200244AC9 /* Neutraface2Text-Demi.otf */,
				15B7E7CC1C5520B200244AC9 /* Neutra2Display-Bold.otf */,
				15B7E7C71C55201200244AC9 /* Neutraface2Text-Light.otf */,
			);
			path = Fonts;
			sourceTree = "<group>";
		};
		15B7E7A01C54A2D100244AC9 /* Images */ = {
			isa = PBXGroup;
			children = (
				151325F11C99E9F500B9AA12 /* Additional_Images */,
				15B7E7A11C54A2D100244AC9 /* Assets.xcassets */,
			);
			path = Images;
			sourceTree = "<group>";
		};
		15B7E7A21C54A2D100244AC9 /* View */ = {
			isa = PBXGroup;
			children = (
				15E232081CB2F180001220EA /* ViewFollowingLabelPopup */,
				154241D01CAAFB8400EC59A7 /* NotFoundView */,
				15F0E2691C723A8A00A7E389 /* ProductVC */,
				15897E8C1C593DC700FD0700 /* FilterVC */,
				15B7E7A31C54A2D100244AC9 /* Storyboards */,
				159245241C553B4C00755814 /* FeedVC */,
			);
			path = View;
			sourceTree = "<group>";
		};
		15B7E7A31C54A2D100244AC9 /* Storyboards */ = {
			isa = PBXGroup;
			children = (
				15B7E7A61C54A2D100244AC9 /* Unlabel.storyboard */,
				15B7E7A41C54A2D100244AC9 /* LaunchScreen.storyboard */,
			);
			path = Storyboards;
			sourceTree = "<group>";
		};
		15B7E7AD1C54A57700244AC9 /* Helper */ = {
			isa = PBXGroup;
			children = (
				15056BE11CB5A3CD0058765D /* ReachabilitySwift.swift */,
				15056BE31CB5A5C10058765D /* Reachability.h */,
				15056BE41CB5A5C10058765D /* Reachability.m */,
				15B7E7AE1C54A59300244AC9 /* UnlabelConstants.swift */,
				15C993AD1C56BA65000C28E0 /* ParseConstants.swift */,
				154687751C57B9AF0060565B /* UnlabelHelper.swift */,
				154687781C5814D60060565B /* UnlabelExtensions.swift */,
				157DEF191C667F2B0085B1E8 /* UnlabelAsyncLoader.swift */,
				15770C5B1C8F64F400B55BDD /* UnlabelFBHelper.swift */,
				15056BDB1CB57EC60058765D /* UnlabelAPIHelper.swift */,
				15056BDD1CB584A20058765D /* UnlabelWSConstants.swift */,
				15C83BD51CB6F289009933C4 /* ImageLoader.swift */,
				15E704F81CBAF35100DB9069 /* GAHelper.swift */,
				153FF7DA1CBC2838002CE247 /* FirebaseHelper.swift */,
			);
			path = Helper;
			sourceTree = "<group>";
		};
		15C993431C5693A6000C28E0 /* Unlabel_Admin */ = {
			isa = PBXGroup;
			children = (
				15C9938D1C56A870000C28E0 /* Controller */,
				15C993911C56A870000C28E0 /* Helper */,
				15C9939C1C56A870000C28E0 /* View */,
				15C993501C5693A6000C28E0 /* Info.plist */,
			);
			path = Unlabel_Admin;
			sourceTree = "<group>";
		};
		15C9938A1C56A74A000C28E0 /* NavController */ = {
			isa = PBXGroup;
			children = (
				15C9938B1C56A76D000C28E0 /* NavController.swift */,
			);
			path = NavController;
			sourceTree = "<group>";
		};
		15C9938D1C56A870000C28E0 /* Controller */ = {
			isa = PBXGroup;
			children = (
				15F0E2781C72433800A7E389 /* AddProductVC */,
				15F0E2751C72418500A7E389 /* ProductListVC */,
				15C9938F1C56A870000C28E0 /* AdminVC */,
				158CC2CA1C578C9C00536B73 /* AddBrandVC */,
				15C9938E1C56A870000C28E0 /* AdminNavController */,
			);
			path = Controller;
			sourceTree = "<group>";
		};
		15C9938E1C56A870000C28E0 /* AdminNavController */ = {
			isa = PBXGroup;
			children = (
				15C993AB1C56A899000C28E0 /* AdminNavController.swift */,
			);
			path = AdminNavController;
			sourceTree = "<group>";
		};
		15C9938F1C56A870000C28E0 /* AdminVC */ = {
			isa = PBXGroup;
			children = (
				15C993901C56A870000C28E0 /* AdminVC.swift */,
			);
			path = AdminVC;
			sourceTree = "<group>";
		};
		15C993911C56A870000C28E0 /* Helper */ = {
			isa = PBXGroup;
			children = (
			);
			path = Helper;
			sourceTree = "<group>";
		};
		15C9939C1C56A870000C28E0 /* View */ = {
			isa = PBXGroup;
			children = (
				15C9939D1C56A870000C28E0 /* Storyboards */,
			);
			path = View;
			sourceTree = "<group>";
		};
		15C9939D1C56A870000C28E0 /* Storyboards */ = {
			isa = PBXGroup;
			children = (
				15C9939E1C56A870000C28E0 /* Admin.storyboard */,
				15C993A01C56A870000C28E0 /* LaunchScreen.storyboard */,
			);
			path = Storyboards;
			sourceTree = "<group>";
		};
		15E232081CB2F180001220EA /* ViewFollowingLabelPopup */ = {
			isa = PBXGroup;
			children = (
				15E232091CB2F192001220EA /* ViewFollowingLabelPopup.swift */,
				15E2320B1CB2F19A001220EA /* ViewFollowingLabelPopup.xib */,
			);
			path = ViewFollowingLabelPopup;
			sourceTree = "<group>";
		};
		15E472771C9B2DA100D56608 /* LegalStuffPrivacyPolicyVC */ = {
			isa = PBXGroup;
			children = (
				15E472781C9B2DB500D56608 /* LegalStuffPrivacyPolicyVC.swift */,
			);
			path = LegalStuffPrivacyPolicyVC;
			sourceTree = "<group>";
		};
		15EF18021CA4816F0028BA8B /* AccountInfoVC */ = {
			isa = PBXGroup;
			children = (
				15EF18031CA481810028BA8B /* AccountInfoVC.swift */,
			);
			path = AccountInfoVC;
			sourceTree = "<group>";
		};
		15F0E2691C723A8A00A7E389 /* ProductVC */ = {
			isa = PBXGroup;
			children = (
				15F0E26A1C723A8A00A7E389 /* ProductCell.swift */,
				15F0E26B1C723A8A00A7E389 /* ProductCell.xib */,
				15F0E26C1C723A8A00A7E389 /* ProductHeaderCell.swift */,
				15F0E26D1C723A8A00A7E389 /* ProductHeaderCell.xib */,
				15C925281C73B93B00595A7B /* ProductFooterView.swift */,
				15C9252A1C73B94500595A7B /* ProductFooterView.xib */,
			);
			path = ProductVC;
			sourceTree = "<group>";
		};
		15F0E2721C723BB100A7E389 /* ProductVC */ = {
			isa = PBXGroup;
			children = (
				15F0E2731C723BB100A7E389 /* ProductVC.swift */,
			);
			path = ProductVC;
			sourceTree = "<group>";
		};
		15F0E2751C72418500A7E389 /* ProductListVC */ = {
			isa = PBXGroup;
			children = (
				15F0E2761C72418500A7E389 /* ProductListVC.swift */,
			);
			path = ProductListVC;
			sourceTree = "<group>";
		};
		15F0E2781C72433800A7E389 /* AddProductVC */ = {
			isa = PBXGroup;
			children = (
				15F0E2791C72433800A7E389 /* AddProductVC.swift */,
			);
			path = AddProductVC;
			sourceTree = "<group>";
		};
		15F5A31A1C8A23EE00FDE610 /* EntryVC */ = {
			isa = PBXGroup;
			children = (
				15F5A31B1C8A240200FDE610 /* EntryVC.swift */,
			);
			path = EntryVC;
			sourceTree = "<group>";
		};
		15F5A31D1C8A2B5C00FDE610 /* LoginVC */ = {
			isa = PBXGroup;
			children = (
				15F5A31F1C8A2B6C00FDE610 /* LoginVC.swift */,
			);
			path = LoginVC;
			sourceTree = "<group>";
		};
		15F5A31E1C8A2B5C00FDE610 /* SignupVC */ = {
			isa = PBXGroup;
			children = (
				15F5A3211C8A2B7900FDE610 /* SignupVC.swift */,
			);
			path = SignupVC;
			sourceTree = "<group>";
		};
		15FB1D911CC25E4D007E408F /* ExternalFrameworks */ = {
			isa = PBXGroup;
			children = (
				15FB1D921CC25E4D007E408F /* AccountKit.framework */,
				15FB1D931CC25E4D007E408F /* AccountKitStrings.bundle */,
			);
			path = ExternalFrameworks;
			sourceTree = "<group>";
		};
		15FF26BC1CA97C08004A59EC /* AboutUsVC */ = {
			isa = PBXGroup;
			children = (
				15FF26BD1CA97C1A004A59EC /* AboutUsVC.swift */,
			);
			path = AboutUsVC;
			sourceTree = "<group>";
		};
		400BDDFF1C1B890800487C6E = {
			isa = PBXGroup;
			children = (
				15056BDF1CB58AAC0058765D /* Checklist.txt */,
				157CC6291CBC0CED0010F64D /* GoogleService-Info.plist */,
				40714ED51C1DE5FE0063FF43 /* Podfile */,
				400BDE0A1C1B890800487C6E /* Unlabel */,
				400BDE221C1B890800487C6E /* UnlabelTests */,
				400BDE2D1C1B890800487C6E /* UnlabelUITests */,
				15C993431C5693A6000C28E0 /* Unlabel_Admin */,
				400BDE091C1B890800487C6E /* Products */,
				EC0E8037E44618A7C1AD72C6 /* Pods */,
				5F23897C3AF1B82FBA932788 /* Frameworks */,
				40714ED71C1DE7E60063FF43 /* Unlabel-Bridging-Header.h */,
			);
			sourceTree = "<group>";
		};
		400BDE091C1B890800487C6E /* Products */ = {
			isa = PBXGroup;
			children = (
				400BDE081C1B890800487C6E /* Unlabel.app */,
				400BDE1F1C1B890800487C6E /* UnlabelTests.xctest */,
				400BDE2A1C1B890800487C6E /* UnlabelUITests.xctest */,
				15C993881C56A156000C28E0 /* Unlabel_Admin.app */,
			);
			name = Products;
			sourceTree = "<group>";
		};
		400BDE0A1C1B890800487C6E /* Unlabel */ = {
			isa = PBXGroup;
			children = (
				15FB1D911CC25E4D007E408F /* ExternalFrameworks */,
				400BDE0B1C1B890800487C6E /* AppDelegate.swift */,
				15B7E7971C54A2D100244AC9 /* Controller */,
				15B7E79A1C54A2D100244AC9 /* Model */,
				15B7E7A21C54A2D100244AC9 /* View */,
				15B7E79B1C54A2D100244AC9 /* Resouces */,
				15B7E7AD1C54A57700244AC9 /* Helper */,
				400BDE1A1C1B890800487C6E /* Info.plist */,
			);
			path = Unlabel;
			sourceTree = "<group>";
		};
		400BDE221C1B890800487C6E /* UnlabelTests */ = {
			isa = PBXGroup;
			children = (
				400BDE231C1B890800487C6E /* UnlabelTests.swift */,
				400BDE251C1B890800487C6E /* Info.plist */,
			);
			path = UnlabelTests;
			sourceTree = "<group>";
		};
		400BDE2D1C1B890800487C6E /* UnlabelUITests */ = {
			isa = PBXGroup;
			children = (
				400BDE2E1C1B890800487C6E /* UnlabelUITests.swift */,
				400BDE301C1B890800487C6E /* Info.plist */,
			);
			path = UnlabelUITests;
			sourceTree = "<group>";
		};
		5F23897C3AF1B82FBA932788 /* Frameworks */ = {
			isa = PBXGroup;
			children = (
				15AD182E1C62669200A3F513 /* UIKit.framework */,
				15C993541C569596000C28E0 /* LocalAuthentication.framework */,
				15B7E7C21C54AA2600244AC9 /* libsqlite3.tbd */,
				15B7E7C01C54AA1A00244AC9 /* libz.tbd */,
				15B7E7BE1C54AA0B00244AC9 /* SystemConfiguration.framework */,
				15B7E7BC1C54AA0300244AC9 /* StoreKit.framework */,
				15B7E7BA1C54A9FD00244AC9 /* Security.framework */,
				15B7E7B81C54A9F300244AC9 /* QuartzCore.framework */,
				15B7E7B61C54A9EC00244AC9 /* CoreLocation.framework */,
				15B7E7B41C54A9E600244AC9 /* CoreGraphics.framework */,
				15B7E7B21C54A9DC00244AC9 /* CFNetwork.framework */,
				15B7E7B01C54A9D500244AC9 /* AudioToolbox.framework */,
				536DADF39A10B2A125ABA038 /* Pods_Unlabel.framework */,
			);
			name = Frameworks;
			sourceTree = "<group>";
		};
		EC0E8037E44618A7C1AD72C6 /* Pods */ = {
			isa = PBXGroup;
			children = (
				A04A3F897DED804FE664BCB0 /* Pods-Unlabel.debug.xcconfig */,
				302B80CA4E73332095E61357 /* Pods-Unlabel.release.xcconfig */,
			);
			name = Pods;
			sourceTree = "<group>";
		};
/* End PBXGroup section */

/* Begin PBXNativeTarget section */
		15C993621C56A156000C28E0 /* Unlabel_Admin */ = {
			isa = PBXNativeTarget;
			buildConfigurationList = 15C993851C56A156000C28E0 /* Build configuration list for PBXNativeTarget "Unlabel_Admin" */;
			buildPhases = (
				15C993631C56A156000C28E0 /* Check Pods Manifest.lock */,
				15C993641C56A156000C28E0 /* Sources */,
				15C9936C1C56A156000C28E0 /* Frameworks */,
				15C993781C56A156000C28E0 /* Resources */,
				15C993831C56A156000C28E0 /* Embed Pods Frameworks */,
				15C993841C56A156000C28E0 /* Copy Pods Resources */,
			);
			buildRules = (
			);
			dependencies = (
			);
			name = Unlabel_Admin;
			productName = Unlabel;
			productReference = 15C993881C56A156000C28E0 /* Unlabel_Admin.app */;
			productType = "com.apple.product-type.application";
		};
		400BDE071C1B890800487C6E /* Unlabel */ = {
			isa = PBXNativeTarget;
			buildConfigurationList = 400BDE331C1B890800487C6E /* Build configuration list for PBXNativeTarget "Unlabel" */;
			buildPhases = (
				A083B417603B1C6CEAC16287 /* Check Pods Manifest.lock */,
				400BDE041C1B890800487C6E /* Sources */,
				400BDE051C1B890800487C6E /* Frameworks */,
				400BDE061C1B890800487C6E /* Resources */,
				44E2C765F1294BEDA82C38C5 /* Embed Pods Frameworks */,
				A342024F2A60AFE1A6D04ED6 /* Copy Pods Resources */,
				40AC9E581C8C387800EFA413 /* ShellScript */,
				1509D6B11CBA73C3004AF26F /* Embed Frameworks */,
			);
			buildRules = (
			);
			dependencies = (
			);
			name = Unlabel;
			productName = Unlabel;
			productReference = 400BDE081C1B890800487C6E /* Unlabel.app */;
			productType = "com.apple.product-type.application";
		};
		400BDE1E1C1B890800487C6E /* UnlabelTests */ = {
			isa = PBXNativeTarget;
			buildConfigurationList = 400BDE361C1B890800487C6E /* Build configuration list for PBXNativeTarget "UnlabelTests" */;
			buildPhases = (
				400BDE1B1C1B890800487C6E /* Sources */,
				400BDE1C1C1B890800487C6E /* Frameworks */,
				400BDE1D1C1B890800487C6E /* Resources */,
			);
			buildRules = (
			);
			dependencies = (
				400BDE211C1B890800487C6E /* PBXTargetDependency */,
			);
			name = UnlabelTests;
			productName = UnlabelTests;
			productReference = 400BDE1F1C1B890800487C6E /* UnlabelTests.xctest */;
			productType = "com.apple.product-type.bundle.unit-test";
		};
		400BDE291C1B890800487C6E /* UnlabelUITests */ = {
			isa = PBXNativeTarget;
			buildConfigurationList = 400BDE391C1B890800487C6E /* Build configuration list for PBXNativeTarget "UnlabelUITests" */;
			buildPhases = (
				400BDE261C1B890800487C6E /* Sources */,
				400BDE271C1B890800487C6E /* Frameworks */,
				400BDE281C1B890800487C6E /* Resources */,
			);
			buildRules = (
			);
			dependencies = (
				400BDE2C1C1B890800487C6E /* PBXTargetDependency */,
			);
			name = UnlabelUITests;
			productName = UnlabelUITests;
			productReference = 400BDE2A1C1B890800487C6E /* UnlabelUITests.xctest */;
			productType = "com.apple.product-type.bundle.ui-testing";
		};
/* End PBXNativeTarget section */

/* Begin PBXProject section */
		400BDE001C1B890800487C6E /* Project object */ = {
			isa = PBXProject;
			attributes = {
				LastSwiftUpdateCheck = 0720;
				LastUpgradeCheck = 0710;
				ORGANIZATIONNAME = Unlabel;
				TargetAttributes = {
					400BDE071C1B890800487C6E = {
						CreatedOnToolsVersion = 7.1.1;
						DevelopmentTeam = 8YT5VLJRKH;
						SystemCapabilities = {
							com.apple.BackgroundModes = {
								enabled = 1;
							};
						};
					};
					400BDE1E1C1B890800487C6E = {
						CreatedOnToolsVersion = 7.1.1;
						TestTargetID = 400BDE071C1B890800487C6E;
					};
					400BDE291C1B890800487C6E = {
						CreatedOnToolsVersion = 7.1.1;
						TestTargetID = 400BDE071C1B890800487C6E;
					};
				};
			};
			buildConfigurationList = 400BDE031C1B890800487C6E /* Build configuration list for PBXProject "Unlabel" */;
			compatibilityVersion = "Xcode 3.2";
			developmentRegion = English;
			hasScannedForEncodings = 0;
			knownRegions = (
				en,
				Base,
			);
			mainGroup = 400BDDFF1C1B890800487C6E;
			productRefGroup = 400BDE091C1B890800487C6E /* Products */;
			projectDirPath = "";
			projectRoot = "";
			targets = (
				400BDE071C1B890800487C6E /* Unlabel */,
				400BDE1E1C1B890800487C6E /* UnlabelTests */,
				400BDE291C1B890800487C6E /* UnlabelUITests */,
				15C993621C56A156000C28E0 /* Unlabel_Admin */,
			);
		};
/* End PBXProject section */

/* Begin PBXResourcesBuildPhase section */
		15C993781C56A156000C28E0 /* Resources */ = {
			isa = PBXResourcesBuildPhase;
			buildActionMask = 2147483647;
			files = (
				15C993A91C56A870000C28E0 /* Admin.storyboard in Resources */,
				15C993791C56A156000C28E0 /* Neutraface2Text-Book.otf in Resources */,
				15C9937A1C56A156000C28E0 /* LaunchScreen.storyboard in Resources */,
				15C9937B1C56A156000C28E0 /* Neutraface2Text-Light.otf in Resources */,
				15C9937C1C56A156000C28E0 /* Assets.xcassets in Resources */,
				15C9937D1C56A156000C28E0 /* FeedVCCell.xib in Resources */,
				15C993AA1C56A870000C28E0 /* LaunchScreen.storyboard in Resources */,
				15C9937E1C56A156000C28E0 /* Podfile in Resources */,
				15C9937F1C56A156000C28E0 /* Neutraface2Text-Bold.otf in Resources */,
				15C993801C56A156000C28E0 /* Unlabel.storyboard in Resources */,
				15C993811C56A156000C28E0 /* Neutra2Display-Bold.otf in Resources */,
				15C993821C56A156000C28E0 /* Neutraface2Text-Demi.otf in Resources */,
			);
			runOnlyForDeploymentPostprocessing = 0;
		};
		400BDE061C1B890800487C6E /* Resources */ = {
			isa = PBXResourcesBuildPhase;
			buildActionMask = 2147483647;
			files = (
				15B7E7C91C55201200244AC9 /* Neutraface2Text-Book.otf in Resources */,
				15C9252B1C73B94500595A7B /* ProductFooterView.xib in Resources */,
				15E2320C1CB2F19A001220EA /* ViewFollowingLabelPopup.xib in Resources */,
				15897E901C593E0F00FD0700 /* CategoryLocationCell.xib in Resources */,
				15B7E7AB1C54A2D100244AC9 /* LaunchScreen.storyboard in Resources */,
				15B7E7CB1C55201200244AC9 /* Neutraface2Text-Light.otf in Resources */,
				15B7E7AA1C54A2D100244AC9 /* Assets.xcassets in Resources */,
				159245281C553B6800755814 /* FeedVCCell.xib in Resources */,
				40714ED61C1DE5FE0063FF43 /* Podfile in Resources */,
				15B7E7C81C55201200244AC9 /* Neutraface2Text-Bold.otf in Resources */,
				154241D41CAAFBA800EC59A7 /* NotFoundView.xib in Resources */,
				15897E941C59488800FD0700 /* GenderCell.xib in Resources */,
				15B7E7AC1C54A2D100244AC9 /* Unlabel.storyboard in Resources */,
				15056BE01CB58AAC0058765D /* Checklist.txt in Resources */,
				15897E981C5948B200FD0700 /* CategoryStyleCell.xib in Resources */,
				15FB1D951CC25E4D007E408F /* AccountKitStrings.bundle in Resources */,
				15B7E7CD1C5520B200244AC9 /* Neutra2Display-Bold.otf in Resources */,
				15F0E26F1C723A8A00A7E389 /* ProductCell.xib in Resources */,
				157CC62A1CBC0CEE0010F64D /* GoogleService-Info.plist in Resources */,
				15B7E7CA1C55201200244AC9 /* Neutraface2Text-Demi.otf in Resources */,
				15F0E2711C723A8A00A7E389 /* ProductHeaderCell.xib in Resources */,
			);
			runOnlyForDeploymentPostprocessing = 0;
		};
		400BDE1D1C1B890800487C6E /* Resources */ = {
			isa = PBXResourcesBuildPhase;
			buildActionMask = 2147483647;
			files = (
			);
			runOnlyForDeploymentPostprocessing = 0;
		};
		400BDE281C1B890800487C6E /* Resources */ = {
			isa = PBXResourcesBuildPhase;
			buildActionMask = 2147483647;
			files = (
			);
			runOnlyForDeploymentPostprocessing = 0;
		};
/* End PBXResourcesBuildPhase section */

/* Begin PBXShellScriptBuildPhase section */
		15C993631C56A156000C28E0 /* Check Pods Manifest.lock */ = {
			isa = PBXShellScriptBuildPhase;
			buildActionMask = 2147483647;
			files = (
			);
			inputPaths = (
			);
			name = "Check Pods Manifest.lock";
			outputPaths = (
			);
			runOnlyForDeploymentPostprocessing = 0;
			shellPath = /bin/sh;
			shellScript = "diff \"${PODS_ROOT}/../Podfile.lock\" \"${PODS_ROOT}/Manifest.lock\" > /dev/null\nif [[ $? != 0 ]] ; then\n    cat << EOM\nerror: The sandbox is not in sync with the Podfile.lock. Run 'pod install' or update your CocoaPods installation.\nEOM\n    exit 1\nfi\n";
			showEnvVarsInLog = 0;
		};
		15C993831C56A156000C28E0 /* Embed Pods Frameworks */ = {
			isa = PBXShellScriptBuildPhase;
			buildActionMask = 2147483647;
			files = (
			);
			inputPaths = (
			);
			name = "Embed Pods Frameworks";
			outputPaths = (
			);
			runOnlyForDeploymentPostprocessing = 0;
			shellPath = /bin/sh;
			shellScript = "\"${SRCROOT}/Pods/Target Support Files/Pods-Unlabel/Pods-Unlabel-frameworks.sh\"\n";
			showEnvVarsInLog = 0;
		};
		15C993841C56A156000C28E0 /* Copy Pods Resources */ = {
			isa = PBXShellScriptBuildPhase;
			buildActionMask = 2147483647;
			files = (
			);
			inputPaths = (
			);
			name = "Copy Pods Resources";
			outputPaths = (
			);
			runOnlyForDeploymentPostprocessing = 0;
			shellPath = /bin/sh;
			shellScript = "\"${SRCROOT}/Pods/Target Support Files/Pods-Unlabel/Pods-Unlabel-resources.sh\"\n";
			showEnvVarsInLog = 0;
		};
		40AC9E581C8C387800EFA413 /* ShellScript */ = {
			isa = PBXShellScriptBuildPhase;
			buildActionMask = 2147483647;
			files = (
			);
			inputPaths = (
			);
			outputPaths = (
			);
			runOnlyForDeploymentPostprocessing = 0;
			shellPath = /bin/sh;
			shellScript = "\"${PODS_ROOT}/Fabric/run\" 06069638a30af80dd44e96e3bbacf8bc860316b8 83161b69f5e1dce920858f93d52deeb4ea1b18e2586991d9a7c6de4840b09762";
		};
		44E2C765F1294BEDA82C38C5 /* Embed Pods Frameworks */ = {
			isa = PBXShellScriptBuildPhase;
			buildActionMask = 2147483647;
			files = (
			);
			inputPaths = (
			);
			name = "Embed Pods Frameworks";
			outputPaths = (
			);
			runOnlyForDeploymentPostprocessing = 0;
			shellPath = /bin/sh;
			shellScript = "\"${SRCROOT}/Pods/Target Support Files/Pods-Unlabel/Pods-Unlabel-frameworks.sh\"\n";
			showEnvVarsInLog = 0;
		};
		A083B417603B1C6CEAC16287 /* Check Pods Manifest.lock */ = {
			isa = PBXShellScriptBuildPhase;
			buildActionMask = 2147483647;
			files = (
			);
			inputPaths = (
			);
			name = "Check Pods Manifest.lock";
			outputPaths = (
			);
			runOnlyForDeploymentPostprocessing = 0;
			shellPath = /bin/sh;
			shellScript = "diff \"${PODS_ROOT}/../Podfile.lock\" \"${PODS_ROOT}/Manifest.lock\" > /dev/null\nif [[ $? != 0 ]] ; then\n    cat << EOM\nerror: The sandbox is not in sync with the Podfile.lock. Run 'pod install' or update your CocoaPods installation.\nEOM\n    exit 1\nfi\n";
			showEnvVarsInLog = 0;
		};
		A342024F2A60AFE1A6D04ED6 /* Copy Pods Resources */ = {
			isa = PBXShellScriptBuildPhase;
			buildActionMask = 2147483647;
			files = (
			);
			inputPaths = (
			);
			name = "Copy Pods Resources";
			outputPaths = (
			);
			runOnlyForDeploymentPostprocessing = 0;
			shellPath = /bin/sh;
			shellScript = "\"${SRCROOT}/Pods/Target Support Files/Pods-Unlabel/Pods-Unlabel-resources.sh\"\n";
			showEnvVarsInLog = 0;
		};
/* End PBXShellScriptBuildPhase section */

/* Begin PBXSourcesBuildPhase section */
		15C993641C56A156000C28E0 /* Sources */ = {
			isa = PBXSourcesBuildPhase;
			buildActionMask = 2147483647;
			files = (
				15C993651C56A156000C28E0 /* Unlabel.xcdatamodeld in Sources */,
				15C993661C56A156000C28E0 /* UnlabelConstants.swift in Sources */,
				15C993A21C56A870000C28E0 /* AdminVC.swift in Sources */,
				158CC2CC1C578CB800536B73 /* AddBrandVC.swift in Sources */,
				157DEF1B1C667F2B0085B1E8 /* UnlabelAsyncLoader.swift in Sources */,
				1546877A1C5814D70060565B /* UnlabelExtensions.swift in Sources */,
				15E30D9B1C6D2D14008B77E1 /* Product.swift in Sources */,
				15C993AF1C56BA68000C28E0 /* ParseConstants.swift in Sources */,
				15C993AC1C56A899000C28E0 /* AdminNavController.swift in Sources */,
				15C993671C56A156000C28E0 /* FeedVCCell.swift in Sources */,
				15C993681C56A156000C28E0 /* LeftMenuVC.swift in Sources */,
				154687771C57B9EA0060565B /* UnlabelHelper.swift in Sources */,
				15C9936A1C56A156000C28E0 /* Brand.swift in Sources */,
				15F0E27A1C72433800A7E389 /* AddProductVC.swift in Sources */,
				15C9936B1C56A156000C28E0 /* AppDelegate.swift in Sources */,
				15F0E2771C72418500A7E389 /* ProductListVC.swift in Sources */,
			);
			runOnlyForDeploymentPostprocessing = 0;
		};
		400BDE041C1B890800487C6E /* Sources */ = {
			isa = PBXSourcesBuildPhase;
			buildActionMask = 2147483647;
			files = (
				15897E8B1C5935C200FD0700 /* FilterVC.swift in Sources */,
				15F0E2741C723BB100A7E389 /* ProductVC.swift in Sources */,
				154241D21CAAFB9D00EC59A7 /* NotFoundView.swift in Sources */,
				15AC8D781CA87058000B2BF3 /* FollowingVC.swift in Sources */,
				15B7E7A91C54A2D100244AC9 /* Unlabel.xcdatamodeld in Sources */,
				154687761C57B9AF0060565B /* UnlabelHelper.swift in Sources */,
				15F0E26E1C723A8A00A7E389 /* ProductCell.swift in Sources */,
				15B7E7AF1C54A59300244AC9 /* UnlabelConstants.swift in Sources */,
				15E704F91CBAF35100DB9069 /* GAHelper.swift in Sources */,
				15FF26BE1CA97C1A004A59EC /* AboutUsVC.swift in Sources */,
				15F5A31C1C8A240200FDE610 /* EntryVC.swift in Sources */,
				159245271C553B6800755814 /* FeedVCCell.swift in Sources */,
				15897E8F1C593E0F00FD0700 /* CategoryLocationCell.swift in Sources */,
				15056BE51CB5A5C10058765D /* Reachability.m in Sources */,
				1592452B1C5557D900755814 /* LeftMenuVC.swift in Sources */,
				15B7E7A81C54A2D100244AC9 /* FeedVC.swift in Sources */,
				15770C5C1C8F64F400B55BDD /* UnlabelFBHelper.swift in Sources */,
				15056BDE1CB584A20058765D /* UnlabelWSConstants.swift in Sources */,
				153FF7DB1CBC2838002CE247 /* FirebaseHelper.swift in Sources */,
				15E472791C9B2DB500D56608 /* LegalStuffPrivacyPolicyVC.swift in Sources */,
				15F5A3201C8A2B6C00FDE610 /* LoginVC.swift in Sources */,
				150AE9431CA1CF7D00131A0A /* SettingsVC.swift in Sources */,
				159245231C5539C500755814 /* Brand.swift in Sources */,
				157DEF1A1C667F2B0085B1E8 /* UnlabelAsyncLoader.swift in Sources */,
				15E30D9A1C6D2D14008B77E1 /* Product.swift in Sources */,
				15E2320A1CB2F192001220EA /* ViewFollowingLabelPopup.swift in Sources */,
				156BB18D1CC1810500E672AF /* LoginSignupVC.swift in Sources */,
				400BDE0C1C1B890800487C6E /* AppDelegate.swift in Sources */,
				15452D9F1C5AA950006D17DF /* LocationNameCell.swift in Sources */,
				15056BDC1CB57EC60058765D /* UnlabelAPIHelper.swift in Sources */,
				15C9938C1C56A76D000C28E0 /* NavController.swift in Sources */,
				15C83BD61CB6F289009933C4 /* ImageLoader.swift in Sources */,
				15056BE21CB5A3CD0058765D /* ReachabilitySwift.swift in Sources */,
				1578949F1CA85AC000E4C1A6 /* ProductDetailVC.swift in Sources */,
				15897E931C59488800FD0700 /* GenderCell.swift in Sources */,
				15CBF35D1C84DD23005F59E4 /* Filter.swift in Sources */,
				158F3E141C71076A00A3D0D6 /* UnlabelSafariVC.swift in Sources */,
				15EF18041CA481810028BA8B /* AccountInfoVC.swift in Sources */,
				154687791C5814D70060565B /* UnlabelExtensions.swift in Sources */,
				15897E971C5948B200FD0700 /* CategoryStyleCell.swift in Sources */,
				15F5A3221C8A2B7900FDE610 /* SignupVC.swift in Sources */,
				15F0E2701C723A8A00A7E389 /* ProductHeaderCell.swift in Sources */,
				158F3E111C70988D00A3D0D6 /* LaunchLoadingVC.swift in Sources */,
				15C925291C73B93B00595A7B /* ProductFooterView.swift in Sources */,
			);
			runOnlyForDeploymentPostprocessing = 0;
		};
		400BDE1B1C1B890800487C6E /* Sources */ = {
			isa = PBXSourcesBuildPhase;
			buildActionMask = 2147483647;
			files = (
				400BDE241C1B890800487C6E /* UnlabelTests.swift in Sources */,
			);
			runOnlyForDeploymentPostprocessing = 0;
		};
		400BDE261C1B890800487C6E /* Sources */ = {
			isa = PBXSourcesBuildPhase;
			buildActionMask = 2147483647;
			files = (
				400BDE2F1C1B890800487C6E /* UnlabelUITests.swift in Sources */,
			);
			runOnlyForDeploymentPostprocessing = 0;
		};
/* End PBXSourcesBuildPhase section */

/* Begin PBXTargetDependency section */
		400BDE211C1B890800487C6E /* PBXTargetDependency */ = {
			isa = PBXTargetDependency;
			target = 400BDE071C1B890800487C6E /* Unlabel */;
			targetProxy = 400BDE201C1B890800487C6E /* PBXContainerItemProxy */;
		};
		400BDE2C1C1B890800487C6E /* PBXTargetDependency */ = {
			isa = PBXTargetDependency;
			target = 400BDE071C1B890800487C6E /* Unlabel */;
			targetProxy = 400BDE2B1C1B890800487C6E /* PBXContainerItemProxy */;
		};
/* End PBXTargetDependency section */

/* Begin PBXVariantGroup section */
		15B7E7A41C54A2D100244AC9 /* LaunchScreen.storyboard */ = {
			isa = PBXVariantGroup;
			children = (
				15B7E7A51C54A2D100244AC9 /* Base */,
			);
			name = LaunchScreen.storyboard;
			sourceTree = "<group>";
		};
		15B7E7A61C54A2D100244AC9 /* Unlabel.storyboard */ = {
			isa = PBXVariantGroup;
			children = (
				15B7E7A71C54A2D100244AC9 /* Base */,
			);
			name = Unlabel.storyboard;
			sourceTree = "<group>";
		};
		15C9939E1C56A870000C28E0 /* Admin.storyboard */ = {
			isa = PBXVariantGroup;
			children = (
				15C9939F1C56A870000C28E0 /* Base */,
			);
			name = Admin.storyboard;
			sourceTree = "<group>";
		};
		15C993A01C56A870000C28E0 /* LaunchScreen.storyboard */ = {
			isa = PBXVariantGroup;
			children = (
				15C993A11C56A870000C28E0 /* Base */,
			);
			name = LaunchScreen.storyboard;
			sourceTree = "<group>";
		};
/* End PBXVariantGroup section */

/* Begin XCBuildConfiguration section */
		15C993861C56A156000C28E0 /* Debug */ = {
			isa = XCBuildConfiguration;
			baseConfigurationReference = A04A3F897DED804FE664BCB0 /* Pods-Unlabel.debug.xcconfig */;
			buildSettings = {
				ASSETCATALOG_COMPILER_APPICON_NAME = AppIcon;
				CLANG_ENABLE_MODULES = YES;
				CODE_SIGN_IDENTITY = "iPhone Developer: Zaid Pathan (PUDB9J3LNK)";
				FRAMEWORK_SEARCH_PATHS = (
					"$(inherited)",
					"$(PROJECT_DIR)/build/Debug-iphoneos",
				);
				GCC_PREPROCESSOR_DEFINITIONS = "$(inherited)";
				INFOPLIST_FILE = Unlabel_Admin/Info.plist;
				IPHONEOS_DEPLOYMENT_TARGET = 9.0;
				LD_RUNPATH_SEARCH_PATHS = "$(inherited) @executable_path/Frameworks";
				OTHER_SWIFT_FLAGS = "-DADMIN";
				PRODUCT_BUNDLE_IDENTIFIER = "com.unlabel-app.Unlabel-Admin";
				PRODUCT_NAME = "$(TARGET_NAME)";
				PROVISIONING_PROFILE = "a65f30e9-8e75-491d-bedb-3ec6b5b5211e";
				SWIFT_OBJC_BRIDGING_HEADER = "Unlabel-Bridging-Header.h";
				SWIFT_OPTIMIZATION_LEVEL = "-Onone";
			};
			name = Debug;
		};
		15C993871C56A156000C28E0 /* Release */ = {
			isa = XCBuildConfiguration;
			baseConfigurationReference = 302B80CA4E73332095E61357 /* Pods-Unlabel.release.xcconfig */;
			buildSettings = {
				ASSETCATALOG_COMPILER_APPICON_NAME = AppIcon;
				CLANG_ENABLE_MODULES = YES;
				CODE_SIGN_IDENTITY = "iPhone Developer: Zaid Pathan (PUDB9J3LNK)";
				FRAMEWORK_SEARCH_PATHS = (
					"$(inherited)",
					"$(PROJECT_DIR)/build/Debug-iphoneos",
				);
				GCC_PREPROCESSOR_DEFINITIONS = "$(inherited)";
				INFOPLIST_FILE = Unlabel_Admin/Info.plist;
				IPHONEOS_DEPLOYMENT_TARGET = 9.0;
				LD_RUNPATH_SEARCH_PATHS = "$(inherited) @executable_path/Frameworks";
				OTHER_SWIFT_FLAGS = "-DADMIN";
				PRODUCT_BUNDLE_IDENTIFIER = "com.unlabel-app.Unlabel-Admin";
				PRODUCT_NAME = "$(TARGET_NAME)";
				PROVISIONING_PROFILE = "a65f30e9-8e75-491d-bedb-3ec6b5b5211e";
				SWIFT_OBJC_BRIDGING_HEADER = "Unlabel-Bridging-Header.h";
			};
			name = Release;
		};
		400BDE311C1B890800487C6E /* Debug */ = {
			isa = XCBuildConfiguration;
			buildSettings = {
				ALWAYS_SEARCH_USER_PATHS = NO;
				CLANG_CXX_LANGUAGE_STANDARD = "gnu++0x";
				CLANG_CXX_LIBRARY = "libc++";
				CLANG_ENABLE_MODULES = YES;
				CLANG_ENABLE_OBJC_ARC = YES;
				CLANG_WARN_BOOL_CONVERSION = YES;
				CLANG_WARN_CONSTANT_CONVERSION = YES;
				CLANG_WARN_DIRECT_OBJC_ISA_USAGE = YES_ERROR;
				CLANG_WARN_EMPTY_BODY = YES;
				CLANG_WARN_ENUM_CONVERSION = YES;
				CLANG_WARN_INT_CONVERSION = YES;
				CLANG_WARN_OBJC_ROOT_CLASS = YES_ERROR;
				CLANG_WARN_UNREACHABLE_CODE = YES;
				CLANG_WARN__DUPLICATE_METHOD_MATCH = YES;
				CODE_SIGN_IDENTITY = "iPhone Developer: Amechi Egbe (LH397V98GV)";
				"CODE_SIGN_IDENTITY[sdk=iphoneos*]" = "iPhone Developer: Amechi Egbe (LH397V98GV)";
				COPY_PHASE_STRIP = NO;
				DEBUG_INFORMATION_FORMAT = dwarf;
				ENABLE_STRICT_OBJC_MSGSEND = YES;
				ENABLE_TESTABILITY = YES;
				GCC_C_LANGUAGE_STANDARD = gnu99;
				GCC_DYNAMIC_NO_PIC = NO;
				GCC_NO_COMMON_BLOCKS = YES;
				GCC_OPTIMIZATION_LEVEL = 0;
				GCC_PREPROCESSOR_DEFINITIONS = (
					"DEBUG=1",
					"$(inherited)",
				);
				GCC_WARN_64_TO_32_BIT_CONVERSION = YES;
				GCC_WARN_ABOUT_RETURN_TYPE = YES_ERROR;
				GCC_WARN_UNDECLARED_SELECTOR = YES;
				GCC_WARN_UNINITIALIZED_AUTOS = YES_AGGRESSIVE;
				GCC_WARN_UNUSED_FUNCTION = YES;
				GCC_WARN_UNUSED_VARIABLE = YES;
				IPHONEOS_DEPLOYMENT_TARGET = 9.1;
				MTL_ENABLE_DEBUG_INFO = YES;
				ONLY_ACTIVE_ARCH = YES;
				PROVISIONING_PROFILE = "fb86bdf8-ff9e-4917-857d-3daf8de33bc2";
				SDKROOT = iphoneos;
				SWIFT_OPTIMIZATION_LEVEL = "-Onone";
			};
			name = Debug;
		};
		400BDE321C1B890800487C6E /* Release */ = {
			isa = XCBuildConfiguration;
			buildSettings = {
				ALWAYS_SEARCH_USER_PATHS = NO;
				CLANG_CXX_LANGUAGE_STANDARD = "gnu++0x";
				CLANG_CXX_LIBRARY = "libc++";
				CLANG_ENABLE_MODULES = YES;
				CLANG_ENABLE_OBJC_ARC = YES;
				CLANG_WARN_BOOL_CONVERSION = YES;
				CLANG_WARN_CONSTANT_CONVERSION = YES;
				CLANG_WARN_DIRECT_OBJC_ISA_USAGE = YES_ERROR;
				CLANG_WARN_EMPTY_BODY = YES;
				CLANG_WARN_ENUM_CONVERSION = YES;
				CLANG_WARN_INT_CONVERSION = YES;
				CLANG_WARN_OBJC_ROOT_CLASS = YES_ERROR;
				CLANG_WARN_UNREACHABLE_CODE = YES;
				CLANG_WARN__DUPLICATE_METHOD_MATCH = YES;
				CODE_SIGN_IDENTITY = "iPhone Developer: Amechi Egbe (LH397V98GV)";
				"CODE_SIGN_IDENTITY[sdk=iphoneos*]" = "iPhone Developer: Amechi Egbe (LH397V98GV)";
				COPY_PHASE_STRIP = NO;
				DEBUG_INFORMATION_FORMAT = "dwarf-with-dsym";
				ENABLE_NS_ASSERTIONS = NO;
				ENABLE_STRICT_OBJC_MSGSEND = YES;
				GCC_C_LANGUAGE_STANDARD = gnu99;
				GCC_NO_COMMON_BLOCKS = YES;
				GCC_WARN_64_TO_32_BIT_CONVERSION = YES;
				GCC_WARN_ABOUT_RETURN_TYPE = YES_ERROR;
				GCC_WARN_UNDECLARED_SELECTOR = YES;
				GCC_WARN_UNINITIALIZED_AUTOS = YES_AGGRESSIVE;
				GCC_WARN_UNUSED_FUNCTION = YES;
				GCC_WARN_UNUSED_VARIABLE = YES;
				IPHONEOS_DEPLOYMENT_TARGET = 9.1;
				MTL_ENABLE_DEBUG_INFO = NO;
				PROVISIONING_PROFILE = "fb86bdf8-ff9e-4917-857d-3daf8de33bc2";
				SDKROOT = iphoneos;
				VALIDATE_PRODUCT = YES;
			};
			name = Release;
		};
		400BDE341C1B890800487C6E /* Debug */ = {
			isa = XCBuildConfiguration;
			baseConfigurationReference = A04A3F897DED804FE664BCB0 /* Pods-Unlabel.debug.xcconfig */;
			buildSettings = {
				ASSETCATALOG_COMPILER_APPICON_NAME = AppIcon;
				CLANG_ENABLE_MODULES = YES;
				CODE_SIGN_IDENTITY = "iPhone Developer: Amechi Egbe (LH397V98GV)";
				"CODE_SIGN_IDENTITY[sdk=iphoneos*]" = "iPhone Developer: Amechi Egbe (LH397V98GV)";
				FRAMEWORK_SEARCH_PATHS = (
					"$(inherited)",
					"$(PROJECT_DIR)/build/Debug-iphoneos",
					"$(PROJECT_DIR)/Unlabel/Helper/AmazonAws",
					"$(PROJECT_DIR)/Unlabel/ExternalFrameworks",
				);
				INFOPLIST_FILE = Unlabel/Info.plist;
				IPHONEOS_DEPLOYMENT_TARGET = 9.0;
				LD_RUNPATH_SEARCH_PATHS = "$(inherited) @executable_path/Frameworks";
				PRODUCT_BUNDLE_IDENTIFIER = com.unlabel.Unlabel;
				PRODUCT_NAME = "$(TARGET_NAME)";
				PROVISIONING_PROFILE = "1a3bf8d0-e7b4-4a68-b72c-0f1b886c6cae";
				SWIFT_OBJC_BRIDGING_HEADER = "Unlabel-Bridging-Header.h";
				SWIFT_OPTIMIZATION_LEVEL = "-Onone";
			};
			name = Debug;
		};
		400BDE351C1B890800487C6E /* Release */ = {
			isa = XCBuildConfiguration;
			baseConfigurationReference = 302B80CA4E73332095E61357 /* Pods-Unlabel.release.xcconfig */;
			buildSettings = {
				ASSETCATALOG_COMPILER_APPICON_NAME = AppIcon;
				CLANG_ENABLE_MODULES = YES;
				CODE_SIGN_IDENTITY = "iPhone Developer: Amechi Egbe (LH397V98GV)";
				"CODE_SIGN_IDENTITY[sdk=iphoneos*]" = "iPhone Developer: Amechi Egbe (LH397V98GV)";
				FRAMEWORK_SEARCH_PATHS = (
					"$(inherited)",
					"$(PROJECT_DIR)/build/Debug-iphoneos",
					"$(PROJECT_DIR)/Unlabel/Helper/AmazonAws",
					"$(PROJECT_DIR)/Unlabel/ExternalFrameworks",
				);
				INFOPLIST_FILE = Unlabel/Info.plist;
				IPHONEOS_DEPLOYMENT_TARGET = 9.0;
				LD_RUNPATH_SEARCH_PATHS = "$(inherited) @executable_path/Frameworks";
				PRODUCT_BUNDLE_IDENTIFIER = com.unlabel.Unlabel;
				PRODUCT_NAME = "$(TARGET_NAME)";
				PROVISIONING_PROFILE = "1a3bf8d0-e7b4-4a68-b72c-0f1b886c6cae";
				SWIFT_OBJC_BRIDGING_HEADER = "Unlabel-Bridging-Header.h";
			};
			name = Release;
		};
		400BDE371C1B890800487C6E /* Debug */ = {
			isa = XCBuildConfiguration;
			buildSettings = {
				BUNDLE_LOADER = "$(TEST_HOST)";
				INFOPLIST_FILE = UnlabelTests/Info.plist;
				LD_RUNPATH_SEARCH_PATHS = "$(inherited) @executable_path/Frameworks @loader_path/Frameworks";
				PRODUCT_BUNDLE_IDENTIFIER = "com.unlabel-app.UnlabelTests";
				PRODUCT_NAME = "$(TARGET_NAME)";
				TEST_HOST = "$(BUILT_PRODUCTS_DIR)/Unlabel.app/Unlabel";
			};
			name = Debug;
		};
		400BDE381C1B890800487C6E /* Release */ = {
			isa = XCBuildConfiguration;
			buildSettings = {
				BUNDLE_LOADER = "$(TEST_HOST)";
				INFOPLIST_FILE = UnlabelTests/Info.plist;
				LD_RUNPATH_SEARCH_PATHS = "$(inherited) @executable_path/Frameworks @loader_path/Frameworks";
				PRODUCT_BUNDLE_IDENTIFIER = "com.unlabel-app.UnlabelTests";
				PRODUCT_NAME = "$(TARGET_NAME)";
				TEST_HOST = "$(BUILT_PRODUCTS_DIR)/Unlabel.app/Unlabel";
			};
			name = Release;
		};
		400BDE3A1C1B890800487C6E /* Debug */ = {
			isa = XCBuildConfiguration;
			buildSettings = {
				INFOPLIST_FILE = UnlabelUITests/Info.plist;
				LD_RUNPATH_SEARCH_PATHS = "$(inherited) @executable_path/Frameworks @loader_path/Frameworks";
				PRODUCT_BUNDLE_IDENTIFIER = "com.unlabel-app.UnlabelUITests";
				PRODUCT_NAME = "$(TARGET_NAME)";
				TEST_TARGET_NAME = Unlabel;
				USES_XCTRUNNER = YES;
			};
			name = Debug;
		};
		400BDE3B1C1B890800487C6E /* Release */ = {
			isa = XCBuildConfiguration;
			buildSettings = {
				INFOPLIST_FILE = UnlabelUITests/Info.plist;
				LD_RUNPATH_SEARCH_PATHS = "$(inherited) @executable_path/Frameworks @loader_path/Frameworks";
				PRODUCT_BUNDLE_IDENTIFIER = "com.unlabel-app.UnlabelUITests";
				PRODUCT_NAME = "$(TARGET_NAME)";
				TEST_TARGET_NAME = Unlabel;
				USES_XCTRUNNER = YES;
			};
			name = Release;
		};
/* End XCBuildConfiguration section */

/* Begin XCConfigurationList section */
		15C993851C56A156000C28E0 /* Build configuration list for PBXNativeTarget "Unlabel_Admin" */ = {
			isa = XCConfigurationList;
			buildConfigurations = (
				15C993861C56A156000C28E0 /* Debug */,
				15C993871C56A156000C28E0 /* Release */,
			);
			defaultConfigurationIsVisible = 0;
			defaultConfigurationName = Release;
		};
		400BDE031C1B890800487C6E /* Build configuration list for PBXProject "Unlabel" */ = {
			isa = XCConfigurationList;
			buildConfigurations = (
				400BDE311C1B890800487C6E /* Debug */,
				400BDE321C1B890800487C6E /* Release */,
			);
			defaultConfigurationIsVisible = 0;
			defaultConfigurationName = Release;
		};
		400BDE331C1B890800487C6E /* Build configuration list for PBXNativeTarget "Unlabel" */ = {
			isa = XCConfigurationList;
			buildConfigurations = (
				400BDE341C1B890800487C6E /* Debug */,
				400BDE351C1B890800487C6E /* Release */,
			);
			defaultConfigurationIsVisible = 0;
			defaultConfigurationName = Release;
		};
		400BDE361C1B890800487C6E /* Build configuration list for PBXNativeTarget "UnlabelTests" */ = {
			isa = XCConfigurationList;
			buildConfigurations = (
				400BDE371C1B890800487C6E /* Debug */,
				400BDE381C1B890800487C6E /* Release */,
			);
			defaultConfigurationIsVisible = 0;
			defaultConfigurationName = Release;
		};
		400BDE391C1B890800487C6E /* Build configuration list for PBXNativeTarget "UnlabelUITests" */ = {
			isa = XCConfigurationList;
			buildConfigurations = (
				400BDE3A1C1B890800487C6E /* Debug */,
				400BDE3B1C1B890800487C6E /* Release */,
			);
			defaultConfigurationIsVisible = 0;
			defaultConfigurationName = Release;
		};
/* End XCConfigurationList section */

/* Begin XCVersionGroup section */
		15B7E79D1C54A2D100244AC9 /* Unlabel.xcdatamodeld */ = {
			isa = XCVersionGroup;
			children = (
				15B7E79E1C54A2D100244AC9 /* Unlabel.xcdatamodel */,
			);
			currentVersion = 15B7E79E1C54A2D100244AC9 /* Unlabel.xcdatamodel */;
			path = Unlabel.xcdatamodeld;
			sourceTree = "<group>";
			versionGroupType = wrapper.xcdatamodel;
		};
/* End XCVersionGroup section */
	};
	rootObject = 400BDE001C1B890800487C6E /* Project object */;
}
