// !$*UTF8*$!
{
	archiveVersion = 1;
	classes = {
	};
	objectVersion = 46;
	objects = {

/* Begin PBXBuildFile section */
		403E90A11BF8D69A000AB318 /* main.m in Sources */ = {isa = PBXBuildFile; fileRef = 403E90A01BF8D69A000AB318 /* main.m */; };
		403E90A41BF8D69A000AB318 /* AppDelegate.m in Sources */ = {isa = PBXBuildFile; fileRef = 403E90A31BF8D69A000AB318 /* AppDelegate.m */; };
		403E90A71BF8D69A000AB318 /* RootViewController.m in Sources */ = {isa = PBXBuildFile; fileRef = 403E90A61BF8D69A000AB318 /* RootViewController.m */; };
		403E90B21BF8D69A000AB318 /* Assets.xcassets in Resources */ = {isa = PBXBuildFile; fileRef = 403E90B11BF8D69A000AB318 /* Assets.xcassets */; };
		403E90C01BF8D69A000AB318 /* UnlabelTests.m in Sources */ = {isa = PBXBuildFile; fileRef = 403E90BF1BF8D69A000AB318 /* UnlabelTests.m */; };
		403E90CB1BF8D69A000AB318 /* UnlabelUITests.m in Sources */ = {isa = PBXBuildFile; fileRef = 403E90CA1BF8D69A000AB318 /* UnlabelUITests.m */; };
		4A639345B6C5271B090D5966 /* libPods-Unlabel.a in Frameworks */ = {isa = PBXBuildFile; fileRef = 9C1D683B7BD519BD32814741 /* libPods-Unlabel.a */; };
/* End PBXBuildFile section */

/* Begin PBXContainerItemProxy section */
		403E90BC1BF8D69A000AB318 /* PBXContainerItemProxy */ = {
			isa = PBXContainerItemProxy;
			containerPortal = 403E90941BF8D69A000AB318 /* Project object */;
			proxyType = 1;
			remoteGlobalIDString = 403E909B1BF8D69A000AB318;
			remoteInfo = Unlabel;
		};
		403E90C71BF8D69A000AB318 /* PBXContainerItemProxy */ = {
			isa = PBXContainerItemProxy;
			containerPortal = 403E90941BF8D69A000AB318 /* Project object */;
			proxyType = 1;
			remoteGlobalIDString = 403E909B1BF8D69A000AB318;
			remoteInfo = Unlabel;
		};
/* End PBXContainerItemProxy section */

/* Begin PBXFileReference section */
		1E80FEF6AA94665E744EF059 /* Pods-Unlabel.release.xcconfig */ = {isa = PBXFileReference; includeInIndex = 1; lastKnownFileType = text.xcconfig; name = "Pods-Unlabel.release.xcconfig"; path = "Pods/Target Support Files/Pods-Unlabel/Pods-Unlabel.release.xcconfig"; sourceTree = "<group>"; };
		403E909C1BF8D69A000AB318 /* Unlabel.app */ = {isa = PBXFileReference; explicitFileType = wrapper.application; includeInIndex = 0; path = Unlabel.app; sourceTree = BUILT_PRODUCTS_DIR; };
		403E90A01BF8D69A000AB318 /* main.m */ = {isa = PBXFileReference; lastKnownFileType = sourcecode.c.objc; path = main.m; sourceTree = "<group>"; };
		403E90A21BF8D69A000AB318 /* AppDelegate.h */ = {isa = PBXFileReference; lastKnownFileType = sourcecode.c.h; path = AppDelegate.h; sourceTree = "<group>"; };
		403E90A31BF8D69A000AB318 /* AppDelegate.m */ = {isa = PBXFileReference; lastKnownFileType = sourcecode.c.objc; path = AppDelegate.m; sourceTree = "<group>"; };
		403E90A51BF8D69A000AB318 /* RootViewController.h */ = {isa = PBXFileReference; lastKnownFileType = sourcecode.c.h; path = RootViewController.h; sourceTree = "<group>"; };
		403E90A61BF8D69A000AB318 /* RootViewController.m */ = {isa = PBXFileReference; lastKnownFileType = sourcecode.c.objc; path = RootViewController.m; sourceTree = "<group>"; };
		403E90B11BF8D69A000AB318 /* Assets.xcassets */ = {isa = PBXFileReference; lastKnownFileType = folder.assetcatalog; path = Assets.xcassets; sourceTree = "<group>"; };
		403E90B61BF8D69A000AB318 /* Info.plist */ = {isa = PBXFileReference; lastKnownFileType = text.plist.xml; path = Info.plist; sourceTree = "<group>"; };
		403E90BB1BF8D69A000AB318 /* UnlabelTests.xctest */ = {isa = PBXFileReference; explicitFileType = wrapper.cfbundle; includeInIndex = 0; path = UnlabelTests.xctest; sourceTree = BUILT_PRODUCTS_DIR; };
		403E90BF1BF8D69A000AB318 /* UnlabelTests.m */ = {isa = PBXFileReference; lastKnownFileType = sourcecode.c.objc; path = UnlabelTests.m; sourceTree = "<group>"; };
		403E90C11BF8D69A000AB318 /* Info.plist */ = {isa = PBXFileReference; lastKnownFileType = text.plist.xml; path = Info.plist; sourceTree = "<group>"; };
		403E90C61BF8D69A000AB318 /* UnlabelUITests.xctest */ = {isa = PBXFileReference; explicitFileType = wrapper.cfbundle; includeInIndex = 0; path = UnlabelUITests.xctest; sourceTree = BUILT_PRODUCTS_DIR; };
		403E90CA1BF8D69A000AB318 /* UnlabelUITests.m */ = {isa = PBXFileReference; lastKnownFileType = sourcecode.c.objc; path = UnlabelUITests.m; sourceTree = "<group>"; };
		403E90CC1BF8D69A000AB318 /* Info.plist */ = {isa = PBXFileReference; lastKnownFileType = text.plist.xml; path = Info.plist; sourceTree = "<group>"; };
		8A9524D7CA6FC60E45990610 /* Pods-Unlabel.debug.xcconfig */ = {isa = PBXFileReference; includeInIndex = 1; lastKnownFileType = text.xcconfig; name = "Pods-Unlabel.debug.xcconfig"; path = "Pods/Target Support Files/Pods-Unlabel/Pods-Unlabel.debug.xcconfig"; sourceTree = "<group>"; };
		9C1D683B7BD519BD32814741 /* libPods-Unlabel.a */ = {isa = PBXFileReference; explicitFileType = archive.ar; includeInIndex = 0; path = "libPods-Unlabel.a"; sourceTree = BUILT_PRODUCTS_DIR; };
/* End PBXFileReference section */

/* Begin PBXFrameworksBuildPhase section */
		403E90991BF8D69A000AB318 /* Frameworks */ = {
			isa = PBXFrameworksBuildPhase;
			buildActionMask = 2147483647;
			files = (
				4A639345B6C5271B090D5966 /* libPods-Unlabel.a in Frameworks */,
			);
			runOnlyForDeploymentPostprocessing = 0;
		};
		403E90B81BF8D69A000AB318 /* Frameworks */ = {
			isa = PBXFrameworksBuildPhase;
			buildActionMask = 2147483647;
			files = (
			);
			runOnlyForDeploymentPostprocessing = 0;
		};
		403E90C31BF8D69A000AB318 /* Frameworks */ = {
			isa = PBXFrameworksBuildPhase;
			buildActionMask = 2147483647;
			files = (
			);
			runOnlyForDeploymentPostprocessing = 0;
		};
/* End PBXFrameworksBuildPhase section */

/* Begin PBXGroup section */
		403E90931BF8D69A000AB318 = {
			isa = PBXGroup;
			children = (
				403E909E1BF8D69A000AB318 /* UnlabelMain */,
				403E90BE1BF8D69A000AB318 /* UnlabelTests */,
				403E90C91BF8D69A000AB318 /* UnlabelUITests */,
				403E909D1BF8D69A000AB318 /* Products */,
				C77A1C090EB6E2F2BFEF9F4D /* Pods */,
				78BC97F57E2FE84A5CFB8D76 /* Frameworks */,
			);
			sourceTree = "<group>";
		};
		403E909D1BF8D69A000AB318 /* Products */ = {
			isa = PBXGroup;
			children = (
				403E909C1BF8D69A000AB318 /* Unlabel.app */,
				403E90BB1BF8D69A000AB318 /* UnlabelTests.xctest */,
				403E90C61BF8D69A000AB318 /* UnlabelUITests.xctest */,
			);
			name = Products;
			sourceTree = "<group>";
		};
		403E909E1BF8D69A000AB318 /* UnlabelMain */ = {
			isa = PBXGroup;
			children = (
				403E90A21BF8D69A000AB318 /* AppDelegate.h */,
				403E90A31BF8D69A000AB318 /* AppDelegate.m */,
				403E90A51BF8D69A000AB318 /* RootViewController.h */,
				403E90A61BF8D69A000AB318 /* RootViewController.m */,
				403E90B11BF8D69A000AB318 /* Assets.xcassets */,
				403E90B61BF8D69A000AB318 /* Info.plist */,
				403E909F1BF8D69A000AB318 /* Supporting Files */,
			);
			path = UnlabelMain;
			sourceTree = "<group>";
		};
		403E909F1BF8D69A000AB318 /* Supporting Files */ = {
			isa = PBXGroup;
			children = (
				403E90A01BF8D69A000AB318 /* main.m */,
			);
			name = "Supporting Files";
			sourceTree = "<group>";
		};
		403E90BE1BF8D69A000AB318 /* UnlabelTests */ = {
			isa = PBXGroup;
			children = (
				403E90BF1BF8D69A000AB318 /* UnlabelTests.m */,
				403E90C11BF8D69A000AB318 /* Info.plist */,
			);
			path = UnlabelTests;
			sourceTree = "<group>";
		};
		403E90C91BF8D69A000AB318 /* UnlabelUITests */ = {
			isa = PBXGroup;
			children = (
				403E90CA1BF8D69A000AB318 /* UnlabelUITests.m */,
				403E90CC1BF8D69A000AB318 /* Info.plist */,
			);
			path = UnlabelUITests;
			sourceTree = "<group>";
		};
		78BC97F57E2FE84A5CFB8D76 /* Frameworks */ = {
			isa = PBXGroup;
			children = (
				9C1D683B7BD519BD32814741 /* libPods-Unlabel.a */,
			);
			name = Frameworks;
			sourceTree = "<group>";
		};
		C77A1C090EB6E2F2BFEF9F4D /* Pods */ = {
			isa = PBXGroup;
			children = (
				8A9524D7CA6FC60E45990610 /* Pods-Unlabel.debug.xcconfig */,
				1E80FEF6AA94665E744EF059 /* Pods-Unlabel.release.xcconfig */,
			);
			name = Pods;
			sourceTree = "<group>";
		};
/* End PBXGroup section */

/* Begin PBXNativeTarget section */
		403E909B1BF8D69A000AB318 /* Unlabel */ = {
			isa = PBXNativeTarget;
			buildConfigurationList = 403E90CF1BF8D69A000AB318 /* Build configuration list for PBXNativeTarget "Unlabel" */;
			buildPhases = (
				8485A7CDA9A26E46D7F02A30 /* Check Pods Manifest.lock */,
				403E90981BF8D69A000AB318 /* Sources */,
				403E90991BF8D69A000AB318 /* Frameworks */,
				403E909A1BF8D69A000AB318 /* Resources */,
				4F958E6DE9C971A2E3B72B42 /* Embed Pods Frameworks */,
				111DAAC7151C1F115D76E3A7 /* Copy Pods Resources */,
			);
			buildRules = (
			);
			dependencies = (
			);
			name = Unlabel;
			productName = Unlabel;
			productReference = 403E909C1BF8D69A000AB318 /* Unlabel.app */;
			productType = "com.apple.product-type.application";
		};
		403E90BA1BF8D69A000AB318 /* UnlabelTests */ = {
			isa = PBXNativeTarget;
			buildConfigurationList = 403E90D21BF8D69A000AB318 /* Build configuration list for PBXNativeTarget "UnlabelTests" */;
			buildPhases = (
				403E90B71BF8D69A000AB318 /* Sources */,
				403E90B81BF8D69A000AB318 /* Frameworks */,
				403E90B91BF8D69A000AB318 /* Resources */,
			);
			buildRules = (
			);
			dependencies = (
				403E90BD1BF8D69A000AB318 /* PBXTargetDependency */,
			);
			name = UnlabelTests;
			productName = UnlabelTests;
			productReference = 403E90BB1BF8D69A000AB318 /* UnlabelTests.xctest */;
			productType = "com.apple.product-type.bundle.unit-test";
		};
		403E90C51BF8D69A000AB318 /* UnlabelUITests */ = {
			isa = PBXNativeTarget;
			buildConfigurationList = 403E90D51BF8D69A000AB318 /* Build configuration list for PBXNativeTarget "UnlabelUITests" */;
			buildPhases = (
				403E90C21BF8D69A000AB318 /* Sources */,
				403E90C31BF8D69A000AB318 /* Frameworks */,
				403E90C41BF8D69A000AB318 /* Resources */,
			);
			buildRules = (
			);
			dependencies = (
				403E90C81BF8D69A000AB318 /* PBXTargetDependency */,
			);
			name = UnlabelUITests;
			productName = UnlabelUITests;
			productReference = 403E90C61BF8D69A000AB318 /* UnlabelUITests.xctest */;
			productType = "com.apple.product-type.bundle.ui-testing";
		};
/* End PBXNativeTarget section */

/* Begin PBXProject section */
		403E90941BF8D69A000AB318 /* Project object */ = {
			isa = PBXProject;
			attributes = {
				LastUpgradeCheck = 0710;
				ORGANIZATIONNAME = Unlabel;
				TargetAttributes = {
					403E909B1BF8D69A000AB318 = {
						CreatedOnToolsVersion = 7.1.1;
					};
					403E90BA1BF8D69A000AB318 = {
						CreatedOnToolsVersion = 7.1.1;
						TestTargetID = 403E909B1BF8D69A000AB318;
					};
					403E90C51BF8D69A000AB318 = {
						CreatedOnToolsVersion = 7.1.1;
						TestTargetID = 403E909B1BF8D69A000AB318;
					};
				};
			};
			buildConfigurationList = 403E90971BF8D69A000AB318 /* Build configuration list for PBXProject "Unlabel" */;
			compatibilityVersion = "Xcode 3.2";
			developmentRegion = English;
			hasScannedForEncodings = 0;
			knownRegions = (
				en,
				Base,
			);
			mainGroup = 403E90931BF8D69A000AB318;
			productRefGroup = 403E909D1BF8D69A000AB318 /* Products */;
			projectDirPath = "";
			projectRoot = "";
			targets = (
				403E909B1BF8D69A000AB318 /* Unlabel */,
				403E90BA1BF8D69A000AB318 /* UnlabelTests */,
				403E90C51BF8D69A000AB318 /* UnlabelUITests */,
			);
		};
/* End PBXProject section */

/* Begin PBXResourcesBuildPhase section */
		403E909A1BF8D69A000AB318 /* Resources */ = {
			isa = PBXResourcesBuildPhase;
			buildActionMask = 2147483647;
			files = (
				403E90B21BF8D69A000AB318 /* Assets.xcassets in Resources */,
			);
			runOnlyForDeploymentPostprocessing = 0;
		};
		403E90B91BF8D69A000AB318 /* Resources */ = {
			isa = PBXResourcesBuildPhase;
			buildActionMask = 2147483647;
			files = (
			);
			runOnlyForDeploymentPostprocessing = 0;
		};
		403E90C41BF8D69A000AB318 /* Resources */ = {
			isa = PBXResourcesBuildPhase;
			buildActionMask = 2147483647;
			files = (
			);
			runOnlyForDeploymentPostprocessing = 0;
		};
/* End PBXResourcesBuildPhase section */

/* Begin PBXShellScriptBuildPhase section */
		111DAAC7151C1F115D76E3A7 /* Copy Pods Resources */ = {
			isa = PBXShellScriptBuildPhase;
			buildActionMask = 2147483647;
			files = (
			);
			inputPaths = (
			);
			name = "Copy Pods Resources";
			outputPaths = (
			);
			runOnlyForDeploymentPostprocessing = 0;
			shellPath = /bin/sh;
			shellScript = "\"${SRCROOT}/Pods/Target Support Files/Pods-Unlabel/Pods-Unlabel-resources.sh\"\n";
			showEnvVarsInLog = 0;
		};
		4F958E6DE9C971A2E3B72B42 /* Embed Pods Frameworks */ = {
			isa = PBXShellScriptBuildPhase;
			buildActionMask = 2147483647;
			files = (
			);
			inputPaths = (
			);
			name = "Embed Pods Frameworks";
			outputPaths = (
			);
			runOnlyForDeploymentPostprocessing = 0;
			shellPath = /bin/sh;
			shellScript = "\"${SRCROOT}/Pods/Target Support Files/Pods-Unlabel/Pods-Unlabel-frameworks.sh\"\n";
			showEnvVarsInLog = 0;
		};
		8485A7CDA9A26E46D7F02A30 /* Check Pods Manifest.lock */ = {
			isa = PBXShellScriptBuildPhase;
			buildActionMask = 2147483647;
			files = (
			);
			inputPaths = (
			);
			name = "Check Pods Manifest.lock";
			outputPaths = (
			);
			runOnlyForDeploymentPostprocessing = 0;
			shellPath = /bin/sh;
			shellScript = "diff \"${PODS_ROOT}/../Podfile.lock\" \"${PODS_ROOT}/Manifest.lock\" > /dev/null\nif [[ $? != 0 ]] ; then\n    cat << EOM\nerror: The sandbox is not in sync with the Podfile.lock. Run 'pod install' or update your CocoaPods installation.\nEOM\n    exit 1\nfi\n";
			showEnvVarsInLog = 0;
		};
/* End PBXShellScriptBuildPhase section */

/* Begin PBXSourcesBuildPhase section */
		403E90981BF8D69A000AB318 /* Sources */ = {
			isa = PBXSourcesBuildPhase;
			buildActionMask = 2147483647;
			files = (
				403E90A41BF8D69A000AB318 /* AppDelegate.m in Sources */,
				403E90A11BF8D69A000AB318 /* main.m in Sources */,
				403E90A71BF8D69A000AB318 /* RootViewController.m in Sources */,
			);
			runOnlyForDeploymentPostprocessing = 0;
		};
		403E90B71BF8D69A000AB318 /* Sources */ = {
			isa = PBXSourcesBuildPhase;
			buildActionMask = 2147483647;
			files = (
				403E90C01BF8D69A000AB318 /* UnlabelTests.m in Sources */,
			);
			runOnlyForDeploymentPostprocessing = 0;
		};
		403E90C21BF8D69A000AB318 /* Sources */ = {
			isa = PBXSourcesBuildPhase;
			buildActionMask = 2147483647;
			files = (
				403E90CB1BF8D69A000AB318 /* UnlabelUITests.m in Sources */,
			);
			runOnlyForDeploymentPostprocessing = 0;
		};
/* End PBXSourcesBuildPhase section */

/* Begin PBXTargetDependency section */
		403E90BD1BF8D69A000AB318 /* PBXTargetDependency */ = {
			isa = PBXTargetDependency;
			target = 403E909B1BF8D69A000AB318 /* Unlabel */;
			targetProxy = 403E90BC1BF8D69A000AB318 /* PBXContainerItemProxy */;
		};
		403E90C81BF8D69A000AB318 /* PBXTargetDependency */ = {
			isa = PBXTargetDependency;
			target = 403E909B1BF8D69A000AB318 /* Unlabel */;
			targetProxy = 403E90C71BF8D69A000AB318 /* PBXContainerItemProxy */;
		};
/* End PBXTargetDependency section */

/* Begin XCBuildConfiguration section */
		403E90CD1BF8D69A000AB318 /* Debug */ = {
			isa = XCBuildConfiguration;
			buildSettings = {
				ALWAYS_SEARCH_USER_PATHS = NO;
				CLANG_CXX_LANGUAGE_STANDARD = "gnu++0x";
				CLANG_CXX_LIBRARY = "libc++";
				CLANG_ENABLE_MODULES = YES;
				CLANG_ENABLE_OBJC_ARC = YES;
				CLANG_WARN_BOOL_CONVERSION = YES;
				CLANG_WARN_CONSTANT_CONVERSION = YES;
				CLANG_WARN_DIRECT_OBJC_ISA_USAGE = YES_ERROR;
				CLANG_WARN_EMPTY_BODY = YES;
				CLANG_WARN_ENUM_CONVERSION = YES;
				CLANG_WARN_INT_CONVERSION = YES;
				CLANG_WARN_OBJC_ROOT_CLASS = YES_ERROR;
				CLANG_WARN_UNREACHABLE_CODE = YES;
				CLANG_WARN__DUPLICATE_METHOD_MATCH = YES;
				"CODE_SIGN_IDENTITY[sdk=iphoneos*]" = "iPhone Developer";
				COPY_PHASE_STRIP = NO;
				DEBUG_INFORMATION_FORMAT = dwarf;
				ENABLE_STRICT_OBJC_MSGSEND = YES;
				ENABLE_TESTABILITY = YES;
				GCC_C_LANGUAGE_STANDARD = gnu99;
				GCC_DYNAMIC_NO_PIC = NO;
				GCC_NO_COMMON_BLOCKS = YES;
				GCC_OPTIMIZATION_LEVEL = 0;
				GCC_PREPROCESSOR_DEFINITIONS = (
					"DEBUG=1",
					"$(inherited)",
				);
				GCC_WARN_64_TO_32_BIT_CONVERSION = YES;
				GCC_WARN_ABOUT_RETURN_TYPE = YES_ERROR;
				GCC_WARN_UNDECLARED_SELECTOR = YES;
				GCC_WARN_UNINITIALIZED_AUTOS = YES_AGGRESSIVE;
				GCC_WARN_UNUSED_FUNCTION = YES;
				GCC_WARN_UNUSED_VARIABLE = YES;
				IPHONEOS_DEPLOYMENT_TARGET = 9.1;
				MTL_ENABLE_DEBUG_INFO = YES;
				ONLY_ACTIVE_ARCH = YES;
				SDKROOT = iphoneos;
			};
			name = Debug;
		};
		403E90CE1BF8D69A000AB318 /* Release */ = {
			isa = XCBuildConfiguration;
			buildSettings = {
				ALWAYS_SEARCH_USER_PATHS = NO;
				CLANG_CXX_LANGUAGE_STANDARD = "gnu++0x";
				CLANG_CXX_LIBRARY = "libc++";
				CLANG_ENABLE_MODULES = YES;
				CLANG_ENABLE_OBJC_ARC = YES;
				CLANG_WARN_BOOL_CONVERSION = YES;
				CLANG_WARN_CONSTANT_CONVERSION = YES;
				CLANG_WARN_DIRECT_OBJC_ISA_USAGE = YES_ERROR;
				CLANG_WARN_EMPTY_BODY = YES;
				CLANG_WARN_ENUM_CONVERSION = YES;
				CLANG_WARN_INT_CONVERSION = YES;
				CLANG_WARN_OBJC_ROOT_CLASS = YES_ERROR;
				CLANG_WARN_UNREACHABLE_CODE = YES;
				CLANG_WARN__DUPLICATE_METHOD_MATCH = YES;
				"CODE_SIGN_IDENTITY[sdk=iphoneos*]" = "iPhone Developer";
				COPY_PHASE_STRIP = NO;
				DEBUG_INFORMATION_FORMAT = "dwarf-with-dsym";
				ENABLE_NS_ASSERTIONS = NO;
				ENABLE_STRICT_OBJC_MSGSEND = YES;
				GCC_C_LANGUAGE_STANDARD = gnu99;
				GCC_NO_COMMON_BLOCKS = YES;
				GCC_WARN_64_TO_32_BIT_CONVERSION = YES;
				GCC_WARN_ABOUT_RETURN_TYPE = YES_ERROR;
				GCC_WARN_UNDECLARED_SELECTOR = YES;
				GCC_WARN_UNINITIALIZED_AUTOS = YES_AGGRESSIVE;
				GCC_WARN_UNUSED_FUNCTION = YES;
				GCC_WARN_UNUSED_VARIABLE = YES;
				IPHONEOS_DEPLOYMENT_TARGET = 9.1;
				MTL_ENABLE_DEBUG_INFO = NO;
				SDKROOT = iphoneos;
				VALIDATE_PRODUCT = YES;
			};
			name = Release;
		};
		403E90D01BF8D69A000AB318 /* Debug */ = {
			isa = XCBuildConfiguration;
			baseConfigurationReference = 8A9524D7CA6FC60E45990610 /* Pods-Unlabel.debug.xcconfig */;
			buildSettings = {
				ASSETCATALOG_COMPILER_APPICON_NAME = AppIcon;
				INFOPLIST_FILE = "$(SRCROOT)/UnlabelMain/Info.plist";
				LD_RUNPATH_SEARCH_PATHS = "$(inherited) @executable_path/Frameworks";
				PRODUCT_BUNDLE_IDENTIFIER = "com.unlabel-app.Unlabel";
				PRODUCT_NAME = "$(TARGET_NAME)";
			};
			name = Debug;
		};
		403E90D11BF8D69A000AB318 /* Release */ = {
			isa = XCBuildConfiguration;
			baseConfigurationReference = 1E80FEF6AA94665E744EF059 /* Pods-Unlabel.release.xcconfig */;
			buildSettings = {
				ASSETCATALOG_COMPILER_APPICON_NAME = AppIcon;
				INFOPLIST_FILE = "$(SRCROOT)/UnlabelMain/Info.plist";
				LD_RUNPATH_SEARCH_PATHS = "$(inherited) @executable_path/Frameworks";
				PRODUCT_BUNDLE_IDENTIFIER = "com.unlabel-app.Unlabel";
				PRODUCT_NAME = "$(TARGET_NAME)";
			};
			name = Release;
		};
		403E90D31BF8D69A000AB318 /* Debug */ = {
			isa = XCBuildConfiguration;
			buildSettings = {
				BUNDLE_LOADER = "$(TEST_HOST)";
				INFOPLIST_FILE = UnlabelTests/Info.plist;
				LD_RUNPATH_SEARCH_PATHS = "$(inherited) @executable_path/Frameworks @loader_path/Frameworks";
				PRODUCT_BUNDLE_IDENTIFIER = "com.unlabel-app.UnlabelTests";
				PRODUCT_NAME = "$(TARGET_NAME)";
				TEST_HOST = "$(BUILT_PRODUCTS_DIR)/Unlabel.app/Unlabel";
			};
			name = Debug;
		};
		403E90D41BF8D69A000AB318 /* Release */ = {
			isa = XCBuildConfiguration;
			buildSettings = {
				BUNDLE_LOADER = "$(TEST_HOST)";
				INFOPLIST_FILE = UnlabelTests/Info.plist;
				LD_RUNPATH_SEARCH_PATHS = "$(inherited) @executable_path/Frameworks @loader_path/Frameworks";
				PRODUCT_BUNDLE_IDENTIFIER = "com.unlabel-app.UnlabelTests";
				PRODUCT_NAME = "$(TARGET_NAME)";
				TEST_HOST = "$(BUILT_PRODUCTS_DIR)/Unlabel.app/Unlabel";
			};
			name = Release;
		};
		403E90D61BF8D69A000AB318 /* Debug */ = {
			isa = XCBuildConfiguration;
			buildSettings = {
				INFOPLIST_FILE = UnlabelUITests/Info.plist;
				LD_RUNPATH_SEARCH_PATHS = "$(inherited) @executable_path/Frameworks @loader_path/Frameworks";
				PRODUCT_BUNDLE_IDENTIFIER = "com.unlabel-app.UnlabelUITests";
				PRODUCT_NAME = "$(TARGET_NAME)";
				TEST_TARGET_NAME = Unlabel;
				USES_XCTRUNNER = YES;
			};
			name = Debug;
		};
		403E90D71BF8D69A000AB318 /* Release */ = {
			isa = XCBuildConfiguration;
			buildSettings = {
				INFOPLIST_FILE = UnlabelUITests/Info.plist;
				LD_RUNPATH_SEARCH_PATHS = "$(inherited) @executable_path/Frameworks @loader_path/Frameworks";
				PRODUCT_BUNDLE_IDENTIFIER = "com.unlabel-app.UnlabelUITests";
				PRODUCT_NAME = "$(TARGET_NAME)";
				TEST_TARGET_NAME = Unlabel;
				USES_XCTRUNNER = YES;
			};
			name = Release;
		};
/* End XCBuildConfiguration section */

/* Begin XCConfigurationList section */
		403E90971BF8D69A000AB318 /* Build configuration list for PBXProject "Unlabel" */ = {
			isa = XCConfigurationList;
			buildConfigurations = (
				403E90CD1BF8D69A000AB318 /* Debug */,
				403E90CE1BF8D69A000AB318 /* Release */,
			);
			defaultConfigurationIsVisible = 0;
			defaultConfigurationName = Release;
		};
		403E90CF1BF8D69A000AB318 /* Build configuration list for PBXNativeTarget "Unlabel" */ = {
			isa = XCConfigurationList;
			buildConfigurations = (
				403E90D01BF8D69A000AB318 /* Debug */,
				403E90D11BF8D69A000AB318 /* Release */,
			);
			defaultConfigurationIsVisible = 0;
			defaultConfigurationName = Release;
		};
		403E90D21BF8D69A000AB318 /* Build configuration list for PBXNativeTarget "UnlabelTests" */ = {
			isa = XCConfigurationList;
			buildConfigurations = (
				403E90D31BF8D69A000AB318 /* Debug */,
				403E90D41BF8D69A000AB318 /* Release */,
			);
			defaultConfigurationIsVisible = 0;
			defaultConfigurationName = Release;
		};
		403E90D51BF8D69A000AB318 /* Build configuration list for PBXNativeTarget "UnlabelUITests" */ = {
			isa = XCConfigurationList;
			buildConfigurations = (
				403E90D61BF8D69A000AB318 /* Debug */,
				403E90D71BF8D69A000AB318 /* Release */,
			);
			defaultConfigurationIsVisible = 0;
			defaultConfigurationName = Release;
		};
/* End XCConfigurationList section */
	};
	rootObject = 403E90941BF8D69A000AB318 /* Project object */;
}
